// !$*UTF8*$!
{
	archiveVersion = 1;
	classes = {
	};
	objectVersion = 46;
	objects = {

/* Begin PBXBuildFile section */
		0F9A74B918FD67320069EF84 /* Foundation.framework in Frameworks */ = {isa = PBXBuildFile; fileRef = 0F9A74B818FD67320069EF84 /* Foundation.framework */; };
		0F9A74BB18FD67320069EF84 /* CoreGraphics.framework in Frameworks */ = {isa = PBXBuildFile; fileRef = 0F9A74BA18FD67320069EF84 /* CoreGraphics.framework */; };
		0F9A74BD18FD67320069EF84 /* UIKit.framework in Frameworks */ = {isa = PBXBuildFile; fileRef = 0F9A74BC18FD67320069EF84 /* UIKit.framework */; };
		0F9A74C318FD67320069EF84 /* InfoPlist.strings in Resources */ = {isa = PBXBuildFile; fileRef = 0F9A74C118FD67320069EF84 /* InfoPlist.strings */; };
		0F9A74C518FD67320069EF84 /* main.m in Sources */ = {isa = PBXBuildFile; fileRef = 0F9A74C418FD67320069EF84 /* main.m */; };
		0F9A74C918FD67320069EF84 /* DLAAppDelegate.m in Sources */ = {isa = PBXBuildFile; fileRef = 0F9A74C818FD67320069EF84 /* DLAAppDelegate.m */; };
		0F9A74CB18FD67320069EF84 /* Images.xcassets in Resources */ = {isa = PBXBuildFile; fileRef = 0F9A74CA18FD67320069EF84 /* Images.xcassets */; };
		0F9A74D218FD67320069EF84 /* XCTest.framework in Frameworks */ = {isa = PBXBuildFile; fileRef = 0F9A74D118FD67320069EF84 /* XCTest.framework */; };
		0F9A74D318FD67320069EF84 /* Foundation.framework in Frameworks */ = {isa = PBXBuildFile; fileRef = 0F9A74B818FD67320069EF84 /* Foundation.framework */; };
		0F9A74D418FD67320069EF84 /* UIKit.framework in Frameworks */ = {isa = PBXBuildFile; fileRef = 0F9A74BC18FD67320069EF84 /* UIKit.framework */; };
		0F9A74DC18FD67320069EF84 /* InfoPlist.strings in Resources */ = {isa = PBXBuildFile; fileRef = 0F9A74DA18FD67320069EF84 /* InfoPlist.strings */; };
		0F9A74DE18FD67320069EF84 /* DrawLinesAppTests.m in Sources */ = {isa = PBXBuildFile; fileRef = 0F9A74DD18FD67320069EF84 /* DrawLinesAppTests.m */; };
		0F9A74F118FEEE280069EF84 /* arrow_undo.png in Resources */ = {isa = PBXBuildFile; fileRef = 0F9A74F018FEEE280069EF84 /* arrow_undo.png */; };
		0F9A74F418FEF0FD0069EF84 /* Delete.png in Resources */ = {isa = PBXBuildFile; fileRef = 0F9A74F318FEF0FD0069EF84 /* Delete.png */; };
		0F9A74F818FEF72B0069EF84 /* Toggle.png in Resources */ = {isa = PBXBuildFile; fileRef = 0F9A74F718FEF72B0069EF84 /* Toggle.png */; };
		0FA7FF3E195204E1009FF521 /* DLAViewController.m in Sources */ = {isa = PBXBuildFile; fileRef = 0FA7FF3D195204E1009FF521 /* DLAViewController.m */; };
		0FA7FF41195205F5009FF521 /* DLAStageScribble.m in Sources */ = {isa = PBXBuildFile; fileRef = 0FA7FF40195205F5009FF521 /* DLAStageScribble.m */; };
		0FA7FF44195206A0009FF521 /* DLAStageLines.m in Sources */ = {isa = PBXBuildFile; fileRef = 0FA7FF43195206A0009FF521 /* DLAStageLines.m */; };
/* End PBXBuildFile section */

/* Begin PBXContainerItemProxy section */
		0F9A74D518FD67320069EF84 /* PBXContainerItemProxy */ = {
			isa = PBXContainerItemProxy;
			containerPortal = 0F9A74AD18FD67310069EF84 /* Project object */;
			proxyType = 1;
			remoteGlobalIDString = 0F9A74B418FD67320069EF84;
			remoteInfo = DrawLinesApp;
		};
/* End PBXContainerItemProxy section */

/* Begin PBXFileReference section */
		0F9A74B518FD67320069EF84 /* DrawLinesApp.app */ = {isa = PBXFileReference; explicitFileType = wrapper.application; includeInIndex = 0; path = DrawLinesApp.app; sourceTree = BUILT_PRODUCTS_DIR; };
		0F9A74B818FD67320069EF84 /* Foundation.framework */ = {isa = PBXFileReference; lastKnownFileType = wrapper.framework; name = Foundation.framework; path = System/Library/Frameworks/Foundation.framework; sourceTree = SDKROOT; };
		0F9A74BA18FD67320069EF84 /* CoreGraphics.framework */ = {isa = PBXFileReference; lastKnownFileType = wrapper.framework; name = CoreGraphics.framework; path = System/Library/Frameworks/CoreGraphics.framework; sourceTree = SDKROOT; };
		0F9A74BC18FD67320069EF84 /* UIKit.framework */ = {isa = PBXFileReference; lastKnownFileType = wrapper.framework; name = UIKit.framework; path = System/Library/Frameworks/UIKit.framework; sourceTree = SDKROOT; };
		0F9A74C018FD67320069EF84 /* DrawLinesApp-Info.plist */ = {isa = PBXFileReference; lastKnownFileType = text.plist.xml; path = "DrawLinesApp-Info.plist"; sourceTree = "<group>"; };
		0F9A74C218FD67320069EF84 /* en */ = {isa = PBXFileReference; lastKnownFileType = text.plist.strings; name = en; path = en.lproj/InfoPlist.strings; sourceTree = "<group>"; };
		0F9A74C418FD67320069EF84 /* main.m */ = {isa = PBXFileReference; lastKnownFileType = sourcecode.c.objc; path = main.m; sourceTree = "<group>"; };
		0F9A74C618FD67320069EF84 /* DrawLinesApp-Prefix.pch */ = {isa = PBXFileReference; lastKnownFileType = sourcecode.c.h; path = "DrawLinesApp-Prefix.pch"; sourceTree = "<group>"; };
		0F9A74C718FD67320069EF84 /* DLAAppDelegate.h */ = {isa = PBXFileReference; lastKnownFileType = sourcecode.c.h; path = DLAAppDelegate.h; sourceTree = "<group>"; };
		0F9A74C818FD67320069EF84 /* DLAAppDelegate.m */ = {isa = PBXFileReference; lastKnownFileType = sourcecode.c.objc; path = DLAAppDelegate.m; sourceTree = "<group>"; };
		0F9A74CA18FD67320069EF84 /* Images.xcassets */ = {isa = PBXFileReference; lastKnownFileType = folder.assetcatalog; path = Images.xcassets; sourceTree = "<group>"; };
		0F9A74D018FD67320069EF84 /* DrawLinesAppTests.xctest */ = {isa = PBXFileReference; explicitFileType = wrapper.cfbundle; includeInIndex = 0; path = DrawLinesAppTests.xctest; sourceTree = BUILT_PRODUCTS_DIR; };
		0F9A74D118FD67320069EF84 /* XCTest.framework */ = {isa = PBXFileReference; lastKnownFileType = wrapper.framework; name = XCTest.framework; path = Library/Frameworks/XCTest.framework; sourceTree = DEVELOPER_DIR; };
		0F9A74D918FD67320069EF84 /* DrawLinesAppTests-Info.plist */ = {isa = PBXFileReference; lastKnownFileType = text.plist.xml; path = "DrawLinesAppTests-Info.plist"; sourceTree = "<group>"; };
		0F9A74DB18FD67320069EF84 /* en */ = {isa = PBXFileReference; lastKnownFileType = text.plist.strings; name = en; path = en.lproj/InfoPlist.strings; sourceTree = "<group>"; };
		0F9A74DD18FD67320069EF84 /* DrawLinesAppTests.m */ = {isa = PBXFileReference; lastKnownFileType = sourcecode.c.objc; path = DrawLinesAppTests.m; sourceTree = "<group>"; };
		0F9A74F018FEEE280069EF84 /* arrow_undo.png */ = {isa = PBXFileReference; lastKnownFileType = image.png; path = arrow_undo.png; sourceTree = "<group>"; };
		0F9A74F318FEF0FD0069EF84 /* Delete.png */ = {isa = PBXFileReference; lastKnownFileType = image.png; path = Delete.png; sourceTree = "<group>"; };
		0F9A74F718FEF72B0069EF84 /* Toggle.png */ = {isa = PBXFileReference; lastKnownFileType = image.png; path = Toggle.png; sourceTree = "<group>"; };
		0FA7FF3C195204E1009FF521 /* DLAViewController.h */ = {isa = PBXFileReference; fileEncoding = 4; lastKnownFileType = sourcecode.c.h; path = DLAViewController.h; sourceTree = "<group>"; };
		0FA7FF3D195204E1009FF521 /* DLAViewController.m */ = {isa = PBXFileReference; fileEncoding = 4; lastKnownFileType = sourcecode.c.objc; path = DLAViewController.m; sourceTree = "<group>"; };
		0FA7FF3F195205F5009FF521 /* DLAStageScribble.h */ = {isa = PBXFileReference; fileEncoding = 4; lastKnownFileType = sourcecode.c.h; path = DLAStageScribble.h; sourceTree = "<group>"; };
		0FA7FF40195205F5009FF521 /* DLAStageScribble.m */ = {isa = PBXFileReference; fileEncoding = 4; lastKnownFileType = sourcecode.c.objc; path = DLAStageScribble.m; sourceTree = "<group>"; };
		0FA7FF42195206A0009FF521 /* DLAStageLines.h */ = {isa = PBXFileReference; fileEncoding = 4; lastKnownFileType = sourcecode.c.h; path = DLAStageLines.h; sourceTree = "<group>"; };
		0FA7FF43195206A0009FF521 /* DLAStageLines.m */ = {isa = PBXFileReference; fileEncoding = 4; lastKnownFileType = sourcecode.c.objc; path = DLAStageLines.m; sourceTree = "<group>"; };
/* End PBXFileReference section */

/* Begin PBXFrameworksBuildPhase section */
		0F9A74B218FD67320069EF84 /* Frameworks */ = {
			isa = PBXFrameworksBuildPhase;
			buildActionMask = 2147483647;
			files = (
				0F9A74BB18FD67320069EF84 /* CoreGraphics.framework in Frameworks */,
				0F9A74BD18FD67320069EF84 /* UIKit.framework in Frameworks */,
				0F9A74B918FD67320069EF84 /* Foundation.framework in Frameworks */,
			);
			runOnlyForDeploymentPostprocessing = 0;
		};
		0F9A74CD18FD67320069EF84 /* Frameworks */ = {
			isa = PBXFrameworksBuildPhase;
			buildActionMask = 2147483647;
			files = (
				0F9A74D218FD67320069EF84 /* XCTest.framework in Frameworks */,
				0F9A74D418FD67320069EF84 /* UIKit.framework in Frameworks */,
				0F9A74D318FD67320069EF84 /* Foundation.framework in Frameworks */,
			);
			runOnlyForDeploymentPostprocessing = 0;
		};
/* End PBXFrameworksBuildPhase section */

/* Begin PBXGroup section */
		0F9A74AC18FD67310069EF84 = {
			isa = PBXGroup;
			children = (
				0FA7FF3C195204E1009FF521 /* DLAViewController.h */,
				0FA7FF3D195204E1009FF521 /* DLAViewController.m */,
				0FA7FF3F195205F5009FF521 /* DLAStageScribble.h */,
				0FA7FF40195205F5009FF521 /* DLAStageScribble.m */,
				0FA7FF42195206A0009FF521 /* DLAStageLines.h */,
				0FA7FF43195206A0009FF521 /* DLAStageLines.m */,
				0F9A74F218FEEE2F0069EF84 /* Images */,
				0F9A74BE18FD67320069EF84 /* DrawLinesApp */,
				0F9A74D718FD67320069EF84 /* DrawLinesAppTests */,
				0F9A74B718FD67320069EF84 /* Frameworks */,
				0F9A74B618FD67320069EF84 /* Products */,
			);
			sourceTree = "<group>";
		};
		0F9A74B618FD67320069EF84 /* Products */ = {
			isa = PBXGroup;
			children = (
				0F9A74B518FD67320069EF84 /* DrawLinesApp.app */,
				0F9A74D018FD67320069EF84 /* DrawLinesAppTests.xctest */,
			);
			name = Products;
			sourceTree = "<group>";
		};
		0F9A74B718FD67320069EF84 /* Frameworks */ = {
			isa = PBXGroup;
			children = (
				0F9A74B818FD67320069EF84 /* Foundation.framework */,
				0F9A74BA18FD67320069EF84 /* CoreGraphics.framework */,
				0F9A74BC18FD67320069EF84 /* UIKit.framework */,
				0F9A74D118FD67320069EF84 /* XCTest.framework */,
			);
			name = Frameworks;
			sourceTree = "<group>";
		};
		0F9A74BE18FD67320069EF84 /* DrawLinesApp */ = {
			isa = PBXGroup;
			children = (
				0F9A74C718FD67320069EF84 /* DLAAppDelegate.h */,
				0F9A74C818FD67320069EF84 /* DLAAppDelegate.m */,
				0F9A74CA18FD67320069EF84 /* Images.xcassets */,
				0F9A74BF18FD67320069EF84 /* Supporting Files */,
			);
			path = DrawLinesApp;
			sourceTree = "<group>";
		};
		0F9A74BF18FD67320069EF84 /* Supporting Files */ = {
			isa = PBXGroup;
			children = (
				0F9A74C018FD67320069EF84 /* DrawLinesApp-Info.plist */,
				0F9A74C118FD67320069EF84 /* InfoPlist.strings */,
				0F9A74C418FD67320069EF84 /* main.m */,
				0F9A74C618FD67320069EF84 /* DrawLinesApp-Prefix.pch */,
			);
			name = "Supporting Files";
			sourceTree = "<group>";
		};
		0F9A74D718FD67320069EF84 /* DrawLinesAppTests */ = {
			isa = PBXGroup;
			children = (
				0F9A74DD18FD67320069EF84 /* DrawLinesAppTests.m */,
				0F9A74D818FD67320069EF84 /* Supporting Files */,
			);
			path = DrawLinesAppTests;
			sourceTree = "<group>";
		};
		0F9A74D818FD67320069EF84 /* Supporting Files */ = {
			isa = PBXGroup;
			children = (
				0F9A74D918FD67320069EF84 /* DrawLinesAppTests-Info.plist */,
				0F9A74DA18FD67320069EF84 /* InfoPlist.strings */,
			);
			name = "Supporting Files";
			sourceTree = "<group>";
		};
		0F9A74F218FEEE2F0069EF84 /* Images */ = {
			isa = PBXGroup;
			children = (
				0F9A74F718FEF72B0069EF84 /* Toggle.png */,
				0F9A74F018FEEE280069EF84 /* arrow_undo.png */,
				0F9A74F318FEF0FD0069EF84 /* Delete.png */,
			);
			name = Images;
			sourceTree = "<group>";
		};
/* End PBXGroup section */

/* Begin PBXNativeTarget section */
		0F9A74B418FD67320069EF84 /* DrawLinesApp */ = {
			isa = PBXNativeTarget;
			buildConfigurationList = 0F9A74E118FD67320069EF84 /* Build configuration list for PBXNativeTarget "DrawLinesApp" */;
			buildPhases = (
				0F9A74B118FD67320069EF84 /* Sources */,
				0F9A74B218FD67320069EF84 /* Frameworks */,
				0F9A74B318FD67320069EF84 /* Resources */,
			);
			buildRules = (
			);
			dependencies = (
			);
			name = DrawLinesApp;
			productName = DrawLinesApp;
			productReference = 0F9A74B518FD67320069EF84 /* DrawLinesApp.app */;
			productType = "com.apple.product-type.application";
		};
		0F9A74CF18FD67320069EF84 /* DrawLinesAppTests */ = {
			isa = PBXNativeTarget;
			buildConfigurationList = 0F9A74E418FD67320069EF84 /* Build configuration list for PBXNativeTarget "DrawLinesAppTests" */;
			buildPhases = (
				0F9A74CC18FD67320069EF84 /* Sources */,
				0F9A74CD18FD67320069EF84 /* Frameworks */,
				0F9A74CE18FD67320069EF84 /* Resources */,
			);
			buildRules = (
			);
			dependencies = (
				0F9A74D618FD67320069EF84 /* PBXTargetDependency */,
			);
			name = DrawLinesAppTests;
			productName = DrawLinesAppTests;
			productReference = 0F9A74D018FD67320069EF84 /* DrawLinesAppTests.xctest */;
			productType = "com.apple.product-type.bundle.unit-test";
		};
/* End PBXNativeTarget section */

/* Begin PBXProject section */
		0F9A74AD18FD67310069EF84 /* Project object */ = {
			isa = PBXProject;
			attributes = {
				CLASSPREFIX = DLA;
				LastUpgradeCheck = 0510;
				ORGANIZATIONNAME = "Ali Houshmand";
				TargetAttributes = {
					0F9A74CF18FD67320069EF84 = {
						TestTargetID = 0F9A74B418FD67320069EF84;
					};
				};
			};
			buildConfigurationList = 0F9A74B018FD67310069EF84 /* Build configuration list for PBXProject "DrawLinesApp" */;
			compatibilityVersion = "Xcode 3.2";
			developmentRegion = English;
			hasScannedForEncodings = 0;
			knownRegions = (
				en,
			);
			mainGroup = 0F9A74AC18FD67310069EF84;
			productRefGroup = 0F9A74B618FD67320069EF84 /* Products */;
			projectDirPath = "";
			projectRoot = "";
			targets = (
				0F9A74B418FD67320069EF84 /* DrawLinesApp */,
				0F9A74CF18FD67320069EF84 /* DrawLinesAppTests */,
			);
		};
/* End PBXProject section */

/* Begin PBXResourcesBuildPhase section */
		0F9A74B318FD67320069EF84 /* Resources */ = {
			isa = PBXResourcesBuildPhase;
			buildActionMask = 2147483647;
			files = (
				0F9A74F418FEF0FD0069EF84 /* Delete.png in Resources */,
				0F9A74F118FEEE280069EF84 /* arrow_undo.png in Resources */,
				0F9A74C318FD67320069EF84 /* InfoPlist.strings in Resources */,
				0F9A74CB18FD67320069EF84 /* Images.xcassets in Resources */,
				0F9A74F818FEF72B0069EF84 /* Toggle.png in Resources */,
			);
			runOnlyForDeploymentPostprocessing = 0;
		};
		0F9A74CE18FD67320069EF84 /* Resources */ = {
			isa = PBXResourcesBuildPhase;
			buildActionMask = 2147483647;
			files = (
				0F9A74DC18FD67320069EF84 /* InfoPlist.strings in Resources */,
			);
			runOnlyForDeploymentPostprocessing = 0;
		};
/* End PBXResourcesBuildPhase section */

/* Begin PBXSourcesBuildPhase section */
		0F9A74B118FD67320069EF84 /* Sources */ = {
			isa = PBXSourcesBuildPhase;
			buildActionMask = 2147483647;
			files = (
				0F9A74C918FD67320069EF84 /* DLAAppDelegate.m in Sources */,
				0FA7FF41195205F5009FF521 /* DLAStageScribble.m in Sources */,
				0FA7FF44195206A0009FF521 /* DLAStageLines.m in Sources */,
				0FA7FF3E195204E1009FF521 /* DLAViewController.m in Sources */,
				0F9A74C518FD67320069EF84 /* main.m in Sources */,
			);
			runOnlyForDeploymentPostprocessing = 0;
		};
		0F9A74CC18FD67320069EF84 /* Sources */ = {
			isa = PBXSourcesBuildPhase;
			buildActionMask = 2147483647;
			files = (
				0F9A74DE18FD67320069EF84 /* DrawLinesAppTests.m in Sources */,
			);
			runOnlyForDeploymentPostprocessing = 0;
		};
/* End PBXSourcesBuildPhase section */

/* Begin PBXTargetDependency section */
		0F9A74D618FD67320069EF84 /* PBXTargetDependency */ = {
			isa = PBXTargetDependency;
			target = 0F9A74B418FD67320069EF84 /* DrawLinesApp */;
			targetProxy = 0F9A74D518FD67320069EF84 /* PBXContainerItemProxy */;
		};
/* End PBXTargetDependency section */

/* Begin PBXVariantGroup section */
		0F9A74C118FD67320069EF84 /* InfoPlist.strings */ = {
			isa = PBXVariantGroup;
			children = (
				0F9A74C218FD67320069EF84 /* en */,
			);
			name = InfoPlist.strings;
			sourceTree = "<group>";
		};
		0F9A74DA18FD67320069EF84 /* InfoPlist.strings */ = {
			isa = PBXVariantGroup;
			children = (
				0F9A74DB18FD67320069EF84 /* en */,
			);
			name = InfoPlist.strings;
			sourceTree = "<group>";
		};
/* End PBXVariantGroup section */

/* Begin XCBuildConfiguration section */
		0F9A74DF18FD67320069EF84 /* Debug */ = {
			isa = XCBuildConfiguration;
			buildSettings = {
				ALWAYS_SEARCH_USER_PATHS = NO;
				CLANG_CXX_LANGUAGE_STANDARD = "gnu++0x";
				CLANG_CXX_LIBRARY = "libc++";
				CLANG_ENABLE_MODULES = YES;
				CLANG_ENABLE_OBJC_ARC = YES;
				CLANG_WARN_BOOL_CONVERSION = YES;
				CLANG_WARN_CONSTANT_CONVERSION = YES;
				CLANG_WARN_DIRECT_OBJC_ISA_USAGE = YES_ERROR;
				CLANG_WARN_EMPTY_BODY = YES;
				CLANG_WARN_ENUM_CONVERSION = YES;
				CLANG_WARN_INT_CONVERSION = YES;
				CLANG_WARN_OBJC_ROOT_CLASS = YES_ERROR;
				CLANG_WARN__DUPLICATE_METHOD_MATCH = YES;
				"CODE_SIGN_IDENTITY[sdk=iphoneos*]" = "iPhone Developer";
				COPY_PHASE_STRIP = NO;
				GCC_C_LANGUAGE_STANDARD = gnu99;
				GCC_DYNAMIC_NO_PIC = NO;
				GCC_OPTIMIZATION_LEVEL = 0;
				GCC_PREPROCESSOR_DEFINITIONS = (
					"DEBUG=1",
					"$(inherited)",
				);
				GCC_SYMBOLS_PRIVATE_EXTERN = NO;
				GCC_WARN_64_TO_32_BIT_CONVERSION = YES;
				GCC_WARN_ABOUT_RETURN_TYPE = YES_ERROR;
				GCC_WARN_UNDECLARED_SELECTOR = YES;
				GCC_WARN_UNINITIALIZED_AUTOS = YES_AGGRESSIVE;
				GCC_WARN_UNUSED_FUNCTION = YES;
				GCC_WARN_UNUSED_VARIABLE = YES;
				IPHONEOS_DEPLOYMENT_TARGET = 7.1;
				ONLY_ACTIVE_ARCH = YES;
				SDKROOT = iphoneos;
				TARGETED_DEVICE_FAMILY = "1,2";
			};
			name = Debug;
		};
		0F9A74E018FD67320069EF84 /* Release */ = {
			isa = XCBuildConfiguration;
			buildSettings = {
				ALWAYS_SEARCH_USER_PATHS = NO;
				CLANG_CXX_LANGUAGE_STANDARD = "gnu++0x";
				CLANG_CXX_LIBRARY = "libc++";
				CLANG_ENABLE_MODULES = YES;
				CLANG_ENABLE_OBJC_ARC = YES;
				CLANG_WARN_BOOL_CONVERSION = YES;
				CLANG_WARN_CONSTANT_CONVERSION = YES;
				CLANG_WARN_DIRECT_OBJC_ISA_USAGE = YES_ERROR;
				CLANG_WARN_EMPTY_BODY = YES;
				CLANG_WARN_ENUM_CONVERSION = YES;
				CLANG_WARN_INT_CONVERSION = YES;
				CLANG_WARN_OBJC_ROOT_CLASS = YES_ERROR;
				CLANG_WARN__DUPLICATE_METHOD_MATCH = YES;
				"CODE_SIGN_IDENTITY[sdk=iphoneos*]" = "iPhone Developer";
				COPY_PHASE_STRIP = YES;
				ENABLE_NS_ASSERTIONS = NO;
				GCC_C_LANGUAGE_STANDARD = gnu99;
				GCC_WARN_64_TO_32_BIT_CONVERSION = YES;
				GCC_WARN_ABOUT_RETURN_TYPE = YES_ERROR;
				GCC_WARN_UNDECLARED_SELECTOR = YES;
				GCC_WARN_UNINITIALIZED_AUTOS = YES_AGGRESSIVE;
				GCC_WARN_UNUSED_FUNCTION = YES;
				GCC_WARN_UNUSED_VARIABLE = YES;
				IPHONEOS_DEPLOYMENT_TARGET = 7.1;
				SDKROOT = iphoneos;
				TARGETED_DEVICE_FAMILY = "1,2";
				VALIDATE_PRODUCT = YES;
			};
			name = Release;
		};
		0F9A74E218FD67320069EF84 /* Debug */ = {
			isa = XCBuildConfiguration;
			buildSettings = {
				ASSETCATALOG_COMPILER_APPICON_NAME = AppIcon;
				ASSETCATALOG_COMPILER_LAUNCHIMAGE_NAME = LaunchImage;
				GCC_PRECOMPILE_PREFIX_HEADER = YES;
				GCC_PREFIX_HEADER = "DrawLinesApp/DrawLinesApp-Prefix.pch";
				INFOPLIST_FILE = "DrawLinesApp/DrawLinesApp-Info.plist";
				IPHONEOS_DEPLOYMENT_TARGET = 7.1;
				PRODUCT_NAME = "$(TARGET_NAME)";
				TARGETED_DEVICE_FAMILY = 2;
				WRAPPER_EXTENSION = app;
			};
			name = Debug;
		};
		0F9A74E318FD67320069EF84 /* Release */ = {
			isa = XCBuildConfiguration;
			buildSettings = {
				ASSETCATALOG_COMPILER_APPICON_NAME = AppIcon;
				ASSETCATALOG_COMPILER_LAUNCHIMAGE_NAME = LaunchImage;
				GCC_PRECOMPILE_PREFIX_HEADER = YES;
				GCC_PREFIX_HEADER = "DrawLinesApp/DrawLinesApp-Prefix.pch";
				INFOPLIST_FILE = "DrawLinesApp/DrawLinesApp-Info.plist";
				IPHONEOS_DEPLOYMENT_TARGET = 7.1;
				PRODUCT_NAME = "$(TARGET_NAME)";
				TARGETED_DEVICE_FAMILY = 2;
				WRAPPER_EXTENSION = app;
			};
			name = Release;
		};
		0F9A74E518FD67320069EF84 /* Debug */ = {
			isa = XCBuildConfiguration;
			buildSettings = {
				BUNDLE_LOADER = "$(BUILT_PRODUCTS_DIR)/DrawLinesApp.app/DrawLinesApp";
				FRAMEWORK_SEARCH_PATHS = (
					"$(SDKROOT)/Developer/Library/Frameworks",
					"$(inherited)",
					"$(DEVELOPER_FRAMEWORKS_DIR)",
				);
				GCC_PRECOMPILE_PREFIX_HEADER = YES;
				GCC_PREFIX_HEADER = "DrawLinesApp/DrawLinesApp-Prefix.pch";
				GCC_PREPROCESSOR_DEFINITIONS = (
					"DEBUG=1",
					"$(inherited)",
				);
				INFOPLIST_FILE = "DrawLinesAppTests/DrawLinesAppTests-Info.plist";
				PRODUCT_NAME = "$(TARGET_NAME)";
				TEST_HOST = "$(BUNDLE_LOADER)";
				WRAPPER_EXTENSION = xctest;
			};
			name = Debug;
		};
		0F9A74E618FD67320069EF84 /* Release */ = {
			isa = XCBuildConfiguration;
			buildSettings = {
				BUNDLE_LOADER = "$(BUILT_PRODUCTS_DIR)/DrawLinesApp.app/DrawLinesApp";
				FRAMEWORK_SEARCH_PATHS = (
					"$(SDKROOT)/Developer/Library/Frameworks",
					"$(inherited)",
					"$(DEVELOPER_FRAMEWORKS_DIR)",
				);
				GCC_PRECOMPILE_PREFIX_HEADER = YES;
				GCC_PREFIX_HEADER = "DrawLinesApp/DrawLinesApp-Prefix.pch";
				INFOPLIST_FILE = "DrawLinesAppTests/DrawLinesAppTests-Info.plist";
				PRODUCT_NAME = "$(TARGET_NAME)";
				TEST_HOST = "$(BUNDLE_LOADER)";
				WRAPPER_EXTENSION = xctest;
			};
			name = Release;
		};
/* End XCBuildConfiguration section */

/* Begin XCConfigurationList section */
		0F9A74B018FD67310069EF84 /* Build configuration list for PBXProject "DrawLinesApp" */ = {
			isa = XCConfigurationList;
			buildConfigurations = (
				0F9A74DF18FD67320069EF84 /* Debug */,
				0F9A74E018FD67320069EF84 /* Release */,
			);
			defaultConfigurationIsVisible = 0;
			defaultConfigurationName = Release;
		};
		0F9A74E118FD67320069EF84 /* Build configuration list for PBXNativeTarget "DrawLinesApp" */ = {
			isa = XCConfigurationList;
			buildConfigurations = (
				0F9A74E218FD67320069EF84 /* Debug */,
				0F9A74E318FD67320069EF84 /* Release */,
			);
			defaultConfigurationIsVisible = 0;
			defaultConfigurationName = Release;
		};
		0F9A74E418FD67320069EF84 /* Build configuration list for PBXNativeTarget "DrawLinesAppTests" */ = {
			isa = XCConfigurationList;
			buildConfigurations = (
				0F9A74E518FD67320069EF84 /* Debug */,
				0F9A74E618FD67320069EF84 /* Release */,
			);
			defaultConfigurationIsVisible = 0;
			defaultConfigurationName = Release;
		};
/* End XCConfigurationList section */
	};
	rootObject = 0F9A74AD18FD67310069EF84 /* Project object */;
}
