// !$*UTF8*$!
{
	archiveVersion = 1;
	classes = {
	};
	objectVersion = 46;
	objects = {

/* Begin PBXBuildFile section */
		0FB61C8D19254257006F7AB4 /* explosion.sks in Resources */ = {isa = PBXBuildFile; fileRef = 0FB61C8C19254257006F7AB4 /* explosion.sks */; };
		0FB61C8F19258B10006F7AB4 /* explosion.wav in Resources */ = {isa = PBXBuildFile; fileRef = 0FB61C8E19258B10006F7AB4 /* explosion.wav */; };
		0FB61C9119258CB5006F7AB4 /* thump.wav in Resources */ = {isa = PBXBuildFile; fileRef = 0FB61C9019258CB5006F7AB4 /* thump.wav */; };
		0FB61C9319258D57006F7AB4 /* misslelaunch.wav in Resources */ = {isa = PBXBuildFile; fileRef = 0FB61C9219258D57006F7AB4 /* misslelaunch.wav */; };
		0FB61C9519258E17006F7AB4 /* godzilla.wav in Resources */ = {isa = PBXBuildFile; fileRef = 0FB61C9419258E17006F7AB4 /* godzilla.wav */; };
		0FB61C9719258E8A006F7AB4 /* cannon.wav in Resources */ = {isa = PBXBuildFile; fileRef = 0FB61C9619258E8A006F7AB4 /* cannon.wav */; };
		0FB61C9B1925A3E5006F7AB4 /* flyingwolf.png in Resources */ = {isa = PBXBuildFile; fileRef = 0FB61C9A1925A3E5006F7AB4 /* flyingwolf.png */; };
		0FB61C9D1925A4DD006F7AB4 /* godzilla.png in Resources */ = {isa = PBXBuildFile; fileRef = 0FB61C9C1925A4DD006F7AB4 /* godzilla.png */; };
		0FB61C9F1925A59D006F7AB4 /* robot.png in Resources */ = {isa = PBXBuildFile; fileRef = 0FB61C9E1925A59D006F7AB4 /* robot.png */; };
		0FB65C6D1924F66B00980253 /* Foundation.framework in Frameworks */ = {isa = PBXBuildFile; fileRef = 0FB65C6C1924F66B00980253 /* Foundation.framework */; };
		0FB65C6F1924F66B00980253 /* CoreGraphics.framework in Frameworks */ = {isa = PBXBuildFile; fileRef = 0FB65C6E1924F66B00980253 /* CoreGraphics.framework */; };
		0FB65C711924F66B00980253 /* UIKit.framework in Frameworks */ = {isa = PBXBuildFile; fileRef = 0FB65C701924F66B00980253 /* UIKit.framework */; };
		0FB65C771924F66B00980253 /* InfoPlist.strings in Resources */ = {isa = PBXBuildFile; fileRef = 0FB65C751924F66B00980253 /* InfoPlist.strings */; };
		0FB65C791924F66B00980253 /* main.m in Sources */ = {isa = PBXBuildFile; fileRef = 0FB65C781924F66B00980253 /* main.m */; };
		0FB65C7D1924F66B00980253 /* SABAppDelegate.m in Sources */ = {isa = PBXBuildFile; fileRef = 0FB65C7C1924F66B00980253 /* SABAppDelegate.m */; };
		0FB65C7F1924F66B00980253 /* Images.xcassets in Resources */ = {isa = PBXBuildFile; fileRef = 0FB65C7E1924F66B00980253 /* Images.xcassets */; };
		0FB65C861924F66B00980253 /* XCTest.framework in Frameworks */ = {isa = PBXBuildFile; fileRef = 0FB65C851924F66B00980253 /* XCTest.framework */; };
		0FB65C871924F66B00980253 /* Foundation.framework in Frameworks */ = {isa = PBXBuildFile; fileRef = 0FB65C6C1924F66B00980253 /* Foundation.framework */; };
		0FB65C881924F66B00980253 /* UIKit.framework in Frameworks */ = {isa = PBXBuildFile; fileRef = 0FB65C701924F66B00980253 /* UIKit.framework */; };
		0FB65C901924F66B00980253 /* InfoPlist.strings in Resources */ = {isa = PBXBuildFile; fileRef = 0FB65C8E1924F66B00980253 /* InfoPlist.strings */; };
		0FB65C921924F66B00980253 /* Stuffed_Animal_BattleTests.m in Sources */ = {isa = PBXBuildFile; fileRef = 0FB65C911924F66B00980253 /* Stuffed_Animal_BattleTests.m */; };
		0FB65C9D1924F6C900980253 /* SABViewController.m in Sources */ = {isa = PBXBuildFile; fileRef = 0FB65C9C1924F6C900980253 /* SABViewController.m */; };
		0FB65CA01924FBE800980253 /* SABGameScene.m in Sources */ = {isa = PBXBuildFile; fileRef = 0FB65C9F1924FBE800980253 /* SABGameScene.m */; };
		0FB65CA819253F8F00980253 /* spark.png in Resources */ = {isa = PBXBuildFile; fileRef = 0FB65CA619253F8F00980253 /* spark.png */; };
		0FB65CAA1925404F00980253 /* blueflame.sks in Resources */ = {isa = PBXBuildFile; fileRef = 0FB65CA91925404F00980253 /* blueflame.sks */; };
/* End PBXBuildFile section */

/* Begin PBXContainerItemProxy section */
		0FB65C891924F66B00980253 /* PBXContainerItemProxy */ = {
			isa = PBXContainerItemProxy;
			containerPortal = 0FB65C611924F66B00980253 /* Project object */;
			proxyType = 1;
			remoteGlobalIDString = 0FB65C681924F66B00980253;
			remoteInfo = "Stuffed Animal Battle";
		};
/* End PBXContainerItemProxy section */

/* Begin PBXFileReference section */
		0FB61C8C19254257006F7AB4 /* explosion.sks */ = {isa = PBXFileReference; lastKnownFileType = file.sks; path = explosion.sks; sourceTree = "<group>"; };
		0FB61C8E19258B10006F7AB4 /* explosion.wav */ = {isa = PBXFileReference; lastKnownFileType = audio.wav; path = explosion.wav; sourceTree = "<group>"; };
		0FB61C9019258CB5006F7AB4 /* thump.wav */ = {isa = PBXFileReference; lastKnownFileType = audio.wav; name = thump.wav; path = "Stuffed Animal Battle/thump.wav"; sourceTree = "<group>"; };
		0FB61C9219258D57006F7AB4 /* misslelaunch.wav */ = {isa = PBXFileReference; lastKnownFileType = audio.wav; path = misslelaunch.wav; sourceTree = "<group>"; };
		0FB61C9419258E17006F7AB4 /* godzilla.wav */ = {isa = PBXFileReference; lastKnownFileType = audio.wav; path = godzilla.wav; sourceTree = "<group>"; };
		0FB61C9619258E8A006F7AB4 /* cannon.wav */ = {isa = PBXFileReference; lastKnownFileType = audio.wav; path = cannon.wav; sourceTree = "<group>"; };
		0FB61C9A1925A3E5006F7AB4 /* flyingwolf.png */ = {isa = PBXFileReference; lastKnownFileType = image.png; path = flyingwolf.png; sourceTree = "<group>"; };
		0FB61C9C1925A4DD006F7AB4 /* godzilla.png */ = {isa = PBXFileReference; lastKnownFileType = image.png; path = godzilla.png; sourceTree = "<group>"; };
		0FB61C9E1925A59D006F7AB4 /* robot.png */ = {isa = PBXFileReference; lastKnownFileType = image.png; path = robot.png; sourceTree = "<group>"; };
		0FB65C691924F66B00980253 /* Stuffed Animal Battle.app */ = {isa = PBXFileReference; explicitFileType = wrapper.application; includeInIndex = 0; path = "Stuffed Animal Battle.app"; sourceTree = BUILT_PRODUCTS_DIR; };
		0FB65C6C1924F66B00980253 /* Foundation.framework */ = {isa = PBXFileReference; lastKnownFileType = wrapper.framework; name = Foundation.framework; path = System/Library/Frameworks/Foundation.framework; sourceTree = SDKROOT; };
		0FB65C6E1924F66B00980253 /* CoreGraphics.framework */ = {isa = PBXFileReference; lastKnownFileType = wrapper.framework; name = CoreGraphics.framework; path = System/Library/Frameworks/CoreGraphics.framework; sourceTree = SDKROOT; };
		0FB65C701924F66B00980253 /* UIKit.framework */ = {isa = PBXFileReference; lastKnownFileType = wrapper.framework; name = UIKit.framework; path = System/Library/Frameworks/UIKit.framework; sourceTree = SDKROOT; };
		0FB65C741924F66B00980253 /* Stuffed Animal Battle-Info.plist */ = {isa = PBXFileReference; lastKnownFileType = text.plist.xml; path = "Stuffed Animal Battle-Info.plist"; sourceTree = "<group>"; };
		0FB65C761924F66B00980253 /* en */ = {isa = PBXFileReference; lastKnownFileType = text.plist.strings; name = en; path = en.lproj/InfoPlist.strings; sourceTree = "<group>"; };
		0FB65C781924F66B00980253 /* main.m */ = {isa = PBXFileReference; lastKnownFileType = sourcecode.c.objc; path = main.m; sourceTree = "<group>"; };
		0FB65C7A1924F66B00980253 /* Stuffed Animal Battle-Prefix.pch */ = {isa = PBXFileReference; lastKnownFileType = sourcecode.c.h; path = "Stuffed Animal Battle-Prefix.pch"; sourceTree = "<group>"; };
		0FB65C7B1924F66B00980253 /* SABAppDelegate.h */ = {isa = PBXFileReference; lastKnownFileType = sourcecode.c.h; path = SABAppDelegate.h; sourceTree = "<group>"; };
		0FB65C7C1924F66B00980253 /* SABAppDelegate.m */ = {isa = PBXFileReference; lastKnownFileType = sourcecode.c.objc; path = SABAppDelegate.m; sourceTree = "<group>"; };
		0FB65C7E1924F66B00980253 /* Images.xcassets */ = {isa = PBXFileReference; lastKnownFileType = folder.assetcatalog; path = Images.xcassets; sourceTree = "<group>"; };
		0FB65C841924F66B00980253 /* Stuffed Animal BattleTests.xctest */ = {isa = PBXFileReference; explicitFileType = wrapper.cfbundle; includeInIndex = 0; path = "Stuffed Animal BattleTests.xctest"; sourceTree = BUILT_PRODUCTS_DIR; };
		0FB65C851924F66B00980253 /* XCTest.framework */ = {isa = PBXFileReference; lastKnownFileType = wrapper.framework; name = XCTest.framework; path = Library/Frameworks/XCTest.framework; sourceTree = DEVELOPER_DIR; };
		0FB65C8D1924F66B00980253 /* Stuffed Animal BattleTests-Info.plist */ = {isa = PBXFileReference; lastKnownFileType = text.plist.xml; path = "Stuffed Animal BattleTests-Info.plist"; sourceTree = "<group>"; };
		0FB65C8F1924F66B00980253 /* en */ = {isa = PBXFileReference; lastKnownFileType = text.plist.strings; name = en; path = en.lproj/InfoPlist.strings; sourceTree = "<group>"; };
		0FB65C911924F66B00980253 /* Stuffed_Animal_BattleTests.m */ = {isa = PBXFileReference; lastKnownFileType = sourcecode.c.objc; path = Stuffed_Animal_BattleTests.m; sourceTree = "<group>"; };
		0FB65C9B1924F6C900980253 /* SABViewController.h */ = {isa = PBXFileReference; fileEncoding = 4; lastKnownFileType = sourcecode.c.h; path = SABViewController.h; sourceTree = "<group>"; };
		0FB65C9C1924F6C900980253 /* SABViewController.m */ = {isa = PBXFileReference; fileEncoding = 4; lastKnownFileType = sourcecode.c.objc; path = SABViewController.m; sourceTree = "<group>"; };
		0FB65C9E1924FBE800980253 /* SABGameScene.h */ = {isa = PBXFileReference; fileEncoding = 4; lastKnownFileType = sourcecode.c.h; path = SABGameScene.h; sourceTree = "<group>"; };
		0FB65C9F1924FBE800980253 /* SABGameScene.m */ = {isa = PBXFileReference; fileEncoding = 4; lastKnownFileType = sourcecode.c.objc; path = SABGameScene.m; sourceTree = "<group>"; };
		0FB65CA619253F8F00980253 /* spark.png */ = {isa = PBXFileReference; lastKnownFileType = image.png; path = spark.png; sourceTree = "<group>"; };
		0FB65CA91925404F00980253 /* blueflame.sks */ = {isa = PBXFileReference; lastKnownFileType = file.sks; path = blueflame.sks; sourceTree = "<group>"; };
/* End PBXFileReference section */

/* Begin PBXFrameworksBuildPhase section */
		0FB65C661924F66B00980253 /* Frameworks */ = {
			isa = PBXFrameworksBuildPhase;
			buildActionMask = 2147483647;
			files = (
				0FB65C6F1924F66B00980253 /* CoreGraphics.framework in Frameworks */,
				0FB65C711924F66B00980253 /* UIKit.framework in Frameworks */,
				0FB65C6D1924F66B00980253 /* Foundation.framework in Frameworks */,
			);
			runOnlyForDeploymentPostprocessing = 0;
		};
		0FB65C811924F66B00980253 /* Frameworks */ = {
			isa = PBXFrameworksBuildPhase;
			buildActionMask = 2147483647;
			files = (
				0FB65C861924F66B00980253 /* XCTest.framework in Frameworks */,
				0FB65C881924F66B00980253 /* UIKit.framework in Frameworks */,
				0FB65C871924F66B00980253 /* Foundation.framework in Frameworks */,
			);
			runOnlyForDeploymentPostprocessing = 0;
		};
/* End PBXFrameworksBuildPhase section */

/* Begin PBXGroup section */
		0FB65C601924F66B00980253 = {
			isa = PBXGroup;
			children = (
				0FB65CA91925404F00980253 /* blueflame.sks */,
				0FB61C8C19254257006F7AB4 /* explosion.sks */,
				0FB65CA619253F8F00980253 /* spark.png */,
				0FB61C8E19258B10006F7AB4 /* explosion.wav */,
				0FB61C9019258CB5006F7AB4 /* thump.wav */,
				0FB61C9219258D57006F7AB4 /* misslelaunch.wav */,
				0FB61C9419258E17006F7AB4 /* godzilla.wav */,
				0FB61C9619258E8A006F7AB4 /* cannon.wav */,
				0FB61C9A1925A3E5006F7AB4 /* flyingwolf.png */,
				0FB61C9C1925A4DD006F7AB4 /* godzilla.png */,
				0FB61C9E1925A59D006F7AB4 /* robot.png */,
				0FB65C721924F66B00980253 /* Stuffed Animal Battle */,
				0FB65C8B1924F66B00980253 /* Stuffed Animal BattleTests */,
				0FB65C6B1924F66B00980253 /* Frameworks */,
				0FB65C6A1924F66B00980253 /* Products */,
			);
			sourceTree = "<group>";
		};
		0FB65C6A1924F66B00980253 /* Products */ = {
			isa = PBXGroup;
			children = (
				0FB65C691924F66B00980253 /* Stuffed Animal Battle.app */,
				0FB65C841924F66B00980253 /* Stuffed Animal BattleTests.xctest */,
			);
			name = Products;
			sourceTree = "<group>";
		};
		0FB65C6B1924F66B00980253 /* Frameworks */ = {
			isa = PBXGroup;
			children = (
				0FB65C6C1924F66B00980253 /* Foundation.framework */,
				0FB65C6E1924F66B00980253 /* CoreGraphics.framework */,
				0FB65C701924F66B00980253 /* UIKit.framework */,
				0FB65C851924F66B00980253 /* XCTest.framework */,
			);
			name = Frameworks;
			sourceTree = "<group>";
		};
		0FB65C721924F66B00980253 /* Stuffed Animal Battle */ = {
			isa = PBXGroup;
			children = (
				0FB65C7B1924F66B00980253 /* SABAppDelegate.h */,
				0FB65C7C1924F66B00980253 /* SABAppDelegate.m */,
				0FB65C9B1924F6C900980253 /* SABViewController.h */,
				0FB65C9C1924F6C900980253 /* SABViewController.m */,
				0FB65C9E1924FBE800980253 /* SABGameScene.h */,
				0FB65C9F1924FBE800980253 /* SABGameScene.m */,
				0FB65C7E1924F66B00980253 /* Images.xcassets */,
				0FB65C731924F66B00980253 /* Supporting Files */,
			);
			path = "Stuffed Animal Battle";
			sourceTree = "<group>";
		};
		0FB65C731924F66B00980253 /* Supporting Files */ = {
			isa = PBXGroup;
			children = (
				0FB65C741924F66B00980253 /* Stuffed Animal Battle-Info.plist */,
				0FB65C751924F66B00980253 /* InfoPlist.strings */,
				0FB65C781924F66B00980253 /* main.m */,
				0FB65C7A1924F66B00980253 /* Stuffed Animal Battle-Prefix.pch */,
			);
			name = "Supporting Files";
			sourceTree = "<group>";
		};
		0FB65C8B1924F66B00980253 /* Stuffed Animal BattleTests */ = {
			isa = PBXGroup;
			children = (
				0FB65C911924F66B00980253 /* Stuffed_Animal_BattleTests.m */,
				0FB65C8C1924F66B00980253 /* Supporting Files */,
			);
			path = "Stuffed Animal BattleTests";
			sourceTree = "<group>";
		};
		0FB65C8C1924F66B00980253 /* Supporting Files */ = {
			isa = PBXGroup;
			children = (
				0FB65C8D1924F66B00980253 /* Stuffed Animal BattleTests-Info.plist */,
				0FB65C8E1924F66B00980253 /* InfoPlist.strings */,
			);
			name = "Supporting Files";
			sourceTree = "<group>";
		};
/* End PBXGroup section */

/* Begin PBXNativeTarget section */
		0FB65C681924F66B00980253 /* Stuffed Animal Battle */ = {
			isa = PBXNativeTarget;
			buildConfigurationList = 0FB65C951924F66B00980253 /* Build configuration list for PBXNativeTarget "Stuffed Animal Battle" */;
			buildPhases = (
				0FB65C651924F66B00980253 /* Sources */,
				0FB65C661924F66B00980253 /* Frameworks */,
				0FB65C671924F66B00980253 /* Resources */,
			);
			buildRules = (
			);
			dependencies = (
			);
			name = "Stuffed Animal Battle";
			productName = "Stuffed Animal Battle";
			productReference = 0FB65C691924F66B00980253 /* Stuffed Animal Battle.app */;
			productType = "com.apple.product-type.application";
		};
		0FB65C831924F66B00980253 /* Stuffed Animal BattleTests */ = {
			isa = PBXNativeTarget;
			buildConfigurationList = 0FB65C981924F66B00980253 /* Build configuration list for PBXNativeTarget "Stuffed Animal BattleTests" */;
			buildPhases = (
				0FB65C801924F66B00980253 /* Sources */,
				0FB65C811924F66B00980253 /* Frameworks */,
				0FB65C821924F66B00980253 /* Resources */,
			);
			buildRules = (
			);
			dependencies = (
				0FB65C8A1924F66B00980253 /* PBXTargetDependency */,
			);
			name = "Stuffed Animal BattleTests";
			productName = "Stuffed Animal BattleTests";
			productReference = 0FB65C841924F66B00980253 /* Stuffed Animal BattleTests.xctest */;
			productType = "com.apple.product-type.bundle.unit-test";
		};
/* End PBXNativeTarget section */

/* Begin PBXProject section */
		0FB65C611924F66B00980253 /* Project object */ = {
			isa = PBXProject;
			attributes = {
				CLASSPREFIX = SAB;
				LastUpgradeCheck = 0510;
				ORGANIZATIONNAME = "Ali Houshmand";
				TargetAttributes = {
					0FB65C831924F66B00980253 = {
						TestTargetID = 0FB65C681924F66B00980253;
					};
				};
			};
			buildConfigurationList = 0FB65C641924F66B00980253 /* Build configuration list for PBXProject "Stuffed Animal Battle" */;
			compatibilityVersion = "Xcode 3.2";
			developmentRegion = English;
			hasScannedForEncodings = 0;
			knownRegions = (
				en,
			);
			mainGroup = 0FB65C601924F66B00980253;
			productRefGroup = 0FB65C6A1924F66B00980253 /* Products */;
			projectDirPath = "";
			projectRoot = "";
			targets = (
				0FB65C681924F66B00980253 /* Stuffed Animal Battle */,
				0FB65C831924F66B00980253 /* Stuffed Animal BattleTests */,
			);
		};
/* End PBXProject section */

/* Begin PBXResourcesBuildPhase section */
		0FB65C671924F66B00980253 /* Resources */ = {
			isa = PBXResourcesBuildPhase;
			buildActionMask = 2147483647;
			files = (
				0FB61C8F19258B10006F7AB4 /* explosion.wav in Resources */,
				0FB65C771924F66B00980253 /* InfoPlist.strings in Resources */,
				0FB65CA819253F8F00980253 /* spark.png in Resources */,
				0FB61C9719258E8A006F7AB4 /* cannon.wav in Resources */,
				0FB61C9319258D57006F7AB4 /* misslelaunch.wav in Resources */,
				0FB65C7F1924F66B00980253 /* Images.xcassets in Resources */,
				0FB65CAA1925404F00980253 /* blueflame.sks in Resources */,
				0FB61C9F1925A59D006F7AB4 /* robot.png in Resources */,
				0FB61C9B1925A3E5006F7AB4 /* flyingwolf.png in Resources */,
				0FB61C8D19254257006F7AB4 /* explosion.sks in Resources */,
				0FB61C9119258CB5006F7AB4 /* thump.wav in Resources */,
				0FB61C9519258E17006F7AB4 /* godzilla.wav in Resources */,
				0FB61C9D1925A4DD006F7AB4 /* godzilla.png in Resources */,
			);
			runOnlyForDeploymentPostprocessing = 0;
		};
		0FB65C821924F66B00980253 /* Resources */ = {
			isa = PBXResourcesBuildPhase;
			buildActionMask = 2147483647;
			files = (
				0FB65C901924F66B00980253 /* InfoPlist.strings in Resources */,
			);
			runOnlyForDeploymentPostprocessing = 0;
		};
/* End PBXResourcesBuildPhase section */

/* Begin PBXSourcesBuildPhase section */
		0FB65C651924F66B00980253 /* Sources */ = {
			isa = PBXSourcesBuildPhase;
			buildActionMask = 2147483647;
			files = (
				0FB65C9D1924F6C900980253 /* SABViewController.m in Sources */,
				0FB65C791924F66B00980253 /* main.m in Sources */,
				0FB65C7D1924F66B00980253 /* SABAppDelegate.m in Sources */,
				0FB65CA01924FBE800980253 /* SABGameScene.m in Sources */,
			);
			runOnlyForDeploymentPostprocessing = 0;
		};
		0FB65C801924F66B00980253 /* Sources */ = {
			isa = PBXSourcesBuildPhase;
			buildActionMask = 2147483647;
			files = (
				0FB65C921924F66B00980253 /* Stuffed_Animal_BattleTests.m in Sources */,
			);
			runOnlyForDeploymentPostprocessing = 0;
		};
/* End PBXSourcesBuildPhase section */

/* Begin PBXTargetDependency section */
		0FB65C8A1924F66B00980253 /* PBXTargetDependency */ = {
			isa = PBXTargetDependency;
			target = 0FB65C681924F66B00980253 /* Stuffed Animal Battle */;
			targetProxy = 0FB65C891924F66B00980253 /* PBXContainerItemProxy */;
		};
/* End PBXTargetDependency section */

/* Begin PBXVariantGroup section */
		0FB65C751924F66B00980253 /* InfoPlist.strings */ = {
			isa = PBXVariantGroup;
			children = (
				0FB65C761924F66B00980253 /* en */,
			);
			name = InfoPlist.strings;
			sourceTree = "<group>";
		};
		0FB65C8E1924F66B00980253 /* InfoPlist.strings */ = {
			isa = PBXVariantGroup;
			children = (
				0FB65C8F1924F66B00980253 /* en */,
			);
			name = InfoPlist.strings;
			sourceTree = "<group>";
		};
/* End PBXVariantGroup section */

/* Begin XCBuildConfiguration section */
		0FB65C931924F66B00980253 /* Debug */ = {
			isa = XCBuildConfiguration;
			buildSettings = {
				ALWAYS_SEARCH_USER_PATHS = NO;
				CLANG_CXX_LANGUAGE_STANDARD = "gnu++0x";
				CLANG_CXX_LIBRARY = "libc++";
				CLANG_ENABLE_MODULES = YES;
				CLANG_ENABLE_OBJC_ARC = YES;
				CLANG_WARN_BOOL_CONVERSION = YES;
				CLANG_WARN_CONSTANT_CONVERSION = YES;
				CLANG_WARN_DIRECT_OBJC_ISA_USAGE = YES_ERROR;
				CLANG_WARN_EMPTY_BODY = YES;
				CLANG_WARN_ENUM_CONVERSION = YES;
				CLANG_WARN_INT_CONVERSION = YES;
				CLANG_WARN_OBJC_ROOT_CLASS = YES_ERROR;
				CLANG_WARN__DUPLICATE_METHOD_MATCH = YES;
				"CODE_SIGN_IDENTITY[sdk=iphoneos*]" = "iPhone Developer";
				COPY_PHASE_STRIP = NO;
				GCC_C_LANGUAGE_STANDARD = gnu99;
				GCC_DYNAMIC_NO_PIC = NO;
				GCC_OPTIMIZATION_LEVEL = 0;
				GCC_PREPROCESSOR_DEFINITIONS = (
					"DEBUG=1",
					"$(inherited)",
				);
				GCC_SYMBOLS_PRIVATE_EXTERN = NO;
				GCC_WARN_64_TO_32_BIT_CONVERSION = YES;
				GCC_WARN_ABOUT_RETURN_TYPE = YES_ERROR;
				GCC_WARN_UNDECLARED_SELECTOR = YES;
				GCC_WARN_UNINITIALIZED_AUTOS = YES_AGGRESSIVE;
				GCC_WARN_UNUSED_FUNCTION = YES;
				GCC_WARN_UNUSED_VARIABLE = YES;
				IPHONEOS_DEPLOYMENT_TARGET = 7.1;
				ONLY_ACTIVE_ARCH = YES;
				SDKROOT = iphoneos;
			};
			name = Debug;
		};
		0FB65C941924F66B00980253 /* Release */ = {
			isa = XCBuildConfiguration;
			buildSettings = {
				ALWAYS_SEARCH_USER_PATHS = NO;
				CLANG_CXX_LANGUAGE_STANDARD = "gnu++0x";
				CLANG_CXX_LIBRARY = "libc++";
				CLANG_ENABLE_MODULES = YES;
				CLANG_ENABLE_OBJC_ARC = YES;
				CLANG_WARN_BOOL_CONVERSION = YES;
				CLANG_WARN_CONSTANT_CONVERSION = YES;
				CLANG_WARN_DIRECT_OBJC_ISA_USAGE = YES_ERROR;
				CLANG_WARN_EMPTY_BODY = YES;
				CLANG_WARN_ENUM_CONVERSION = YES;
				CLANG_WARN_INT_CONVERSION = YES;
				CLANG_WARN_OBJC_ROOT_CLASS = YES_ERROR;
				CLANG_WARN__DUPLICATE_METHOD_MATCH = YES;
				"CODE_SIGN_IDENTITY[sdk=iphoneos*]" = "iPhone Developer";
				COPY_PHASE_STRIP = YES;
				ENABLE_NS_ASSERTIONS = NO;
				GCC_C_LANGUAGE_STANDARD = gnu99;
				GCC_WARN_64_TO_32_BIT_CONVERSION = YES;
				GCC_WARN_ABOUT_RETURN_TYPE = YES_ERROR;
				GCC_WARN_UNDECLARED_SELECTOR = YES;
				GCC_WARN_UNINITIALIZED_AUTOS = YES_AGGRESSIVE;
				GCC_WARN_UNUSED_FUNCTION = YES;
				GCC_WARN_UNUSED_VARIABLE = YES;
				IPHONEOS_DEPLOYMENT_TARGET = 7.1;
				SDKROOT = iphoneos;
				VALIDATE_PRODUCT = YES;
			};
			name = Release;
		};
		0FB65C961924F66B00980253 /* Debug */ = {
			isa = XCBuildConfiguration;
			buildSettings = {
				ASSETCATALOG_COMPILER_APPICON_NAME = AppIcon;
				ASSETCATALOG_COMPILER_LAUNCHIMAGE_NAME = LaunchImage;
				GCC_PRECOMPILE_PREFIX_HEADER = YES;
				GCC_PREFIX_HEADER = "Stuffed Animal Battle/Stuffed Animal Battle-Prefix.pch";
				INFOPLIST_FILE = "Stuffed Animal Battle/Stuffed Animal Battle-Info.plist";
				IPHONEOS_DEPLOYMENT_TARGET = 7.1;
				PRODUCT_NAME = "$(TARGET_NAME)";
				TARGETED_DEVICE_FAMILY = "1,2";
				WRAPPER_EXTENSION = app;
			};
			name = Debug;
		};
		0FB65C971924F66B00980253 /* Release */ = {
			isa = XCBuildConfiguration;
			buildSettings = {
				ASSETCATALOG_COMPILER_APPICON_NAME = AppIcon;
				ASSETCATALOG_COMPILER_LAUNCHIMAGE_NAME = LaunchImage;
				GCC_PRECOMPILE_PREFIX_HEADER = YES;
				GCC_PREFIX_HEADER = "Stuffed Animal Battle/Stuffed Animal Battle-Prefix.pch";
				INFOPLIST_FILE = "Stuffed Animal Battle/Stuffed Animal Battle-Info.plist";
				IPHONEOS_DEPLOYMENT_TARGET = 7.1;
				PRODUCT_NAME = "$(TARGET_NAME)";
				TARGETED_DEVICE_FAMILY = "1,2";
				WRAPPER_EXTENSION = app;
			};
			name = Release;
		};
		0FB65C991924F66B00980253 /* Debug */ = {
			isa = XCBuildConfiguration;
			buildSettings = {
				BUNDLE_LOADER = "$(BUILT_PRODUCTS_DIR)/Stuffed Animal Battle.app/Stuffed Animal Battle";
				FRAMEWORK_SEARCH_PATHS = (
					"$(SDKROOT)/Developer/Library/Frameworks",
					"$(inherited)",
					"$(DEVELOPER_FRAMEWORKS_DIR)",
				);
				GCC_PRECOMPILE_PREFIX_HEADER = YES;
				GCC_PREFIX_HEADER = "Stuffed Animal Battle/Stuffed Animal Battle-Prefix.pch";
				GCC_PREPROCESSOR_DEFINITIONS = (
					"DEBUG=1",
					"$(inherited)",
				);
				INFOPLIST_FILE = "Stuffed Animal BattleTests/Stuffed Animal BattleTests-Info.plist";
				PRODUCT_NAME = "$(TARGET_NAME)";
				TEST_HOST = "$(BUNDLE_LOADER)";
				WRAPPER_EXTENSION = xctest;
			};
			name = Debug;
		};
		0FB65C9A1924F66B00980253 /* Release */ = {
			isa = XCBuildConfiguration;
			buildSettings = {
				BUNDLE_LOADER = "$(BUILT_PRODUCTS_DIR)/Stuffed Animal Battle.app/Stuffed Animal Battle";
				FRAMEWORK_SEARCH_PATHS = (
					"$(SDKROOT)/Developer/Library/Frameworks",
					"$(inherited)",
					"$(DEVELOPER_FRAMEWORKS_DIR)",
				);
				GCC_PRECOMPILE_PREFIX_HEADER = YES;
				GCC_PREFIX_HEADER = "Stuffed Animal Battle/Stuffed Animal Battle-Prefix.pch";
				INFOPLIST_FILE = "Stuffed Animal BattleTests/Stuffed Animal BattleTests-Info.plist";
				PRODUCT_NAME = "$(TARGET_NAME)";
				TEST_HOST = "$(BUNDLE_LOADER)";
				WRAPPER_EXTENSION = xctest;
			};
			name = Release;
		};
/* End XCBuildConfiguration section */

/* Begin XCConfigurationList section */
		0FB65C641924F66B00980253 /* Build configuration list for PBXProject "Stuffed Animal Battle" */ = {
			isa = XCConfigurationList;
			buildConfigurations = (
				0FB65C931924F66B00980253 /* Debug */,
				0FB65C941924F66B00980253 /* Release */,
			);
			defaultConfigurationIsVisible = 0;
			defaultConfigurationName = Release;
		};
		0FB65C951924F66B00980253 /* Build configuration list for PBXNativeTarget "Stuffed Animal Battle" */ = {
			isa = XCConfigurationList;
			buildConfigurations = (
				0FB65C961924F66B00980253 /* Debug */,
				0FB65C971924F66B00980253 /* Release */,
			);
			defaultConfigurationIsVisible = 0;
			defaultConfigurationName = Release;
		};
		0FB65C981924F66B00980253 /* Build configuration list for PBXNativeTarget "Stuffed Animal BattleTests" */ = {
			isa = XCConfigurationList;
			buildConfigurations = (
				0FB65C991924F66B00980253 /* Debug */,
				0FB65C9A1924F66B00980253 /* Release */,
			);
			defaultConfigurationIsVisible = 0;
			defaultConfigurationName = Release;
		};
/* End XCConfigurationList section */
	};
	rootObject = 0FB65C611924F66B00980253 /* Project object */;
}
