// !$*UTF8*$!
{
	archiveVersion = 1;
	classes = {
	};
	objectVersion = 46;
	objects = {

/* Begin PBXBuildFile section */
		0FA7FED31907F64700CC0A8C /* Foundation.framework in Frameworks */ = {isa = PBXBuildFile; fileRef = 0FA7FED21907F64700CC0A8C /* Foundation.framework */; };
		0FA7FED51907F64700CC0A8C /* CoreGraphics.framework in Frameworks */ = {isa = PBXBuildFile; fileRef = 0FA7FED41907F64700CC0A8C /* CoreGraphics.framework */; };
		0FA7FED71907F64700CC0A8C /* UIKit.framework in Frameworks */ = {isa = PBXBuildFile; fileRef = 0FA7FED61907F64700CC0A8C /* UIKit.framework */; };
		0FA7FEDD1907F64700CC0A8C /* InfoPlist.strings in Resources */ = {isa = PBXBuildFile; fileRef = 0FA7FEDB1907F64700CC0A8C /* InfoPlist.strings */; };
		0FA7FEDF1907F64700CC0A8C /* main.m in Sources */ = {isa = PBXBuildFile; fileRef = 0FA7FEDE1907F64700CC0A8C /* main.m */; };
		0FA7FEE31907F64700CC0A8C /* TLAAppDelegate.m in Sources */ = {isa = PBXBuildFile; fileRef = 0FA7FEE21907F64700CC0A8C /* TLAAppDelegate.m */; };
		0FA7FEE51907F64700CC0A8C /* Images.xcassets in Resources */ = {isa = PBXBuildFile; fileRef = 0FA7FEE41907F64700CC0A8C /* Images.xcassets */; };
		0FA7FEEC1907F64700CC0A8C /* XCTest.framework in Frameworks */ = {isa = PBXBuildFile; fileRef = 0FA7FEEB1907F64700CC0A8C /* XCTest.framework */; };
		0FA7FEED1907F64700CC0A8C /* Foundation.framework in Frameworks */ = {isa = PBXBuildFile; fileRef = 0FA7FED21907F64700CC0A8C /* Foundation.framework */; };
		0FA7FEEE1907F64700CC0A8C /* UIKit.framework in Frameworks */ = {isa = PBXBuildFile; fileRef = 0FA7FED61907F64700CC0A8C /* UIKit.framework */; };
		0FA7FEF61907F64700CC0A8C /* InfoPlist.strings in Resources */ = {isa = PBXBuildFile; fileRef = 0FA7FEF41907F64700CC0A8C /* InfoPlist.strings */; };
		0FA7FEF81907F64700CC0A8C /* TweetLikeTests.m in Sources */ = {isa = PBXBuildFile; fileRef = 0FA7FEF71907F64700CC0A8C /* TweetLikeTests.m */; };
		0FA7FF031907F68700CC0A8C /* TLATableViewController.m in Sources */ = {isa = PBXBuildFile; fileRef = 0FA7FF021907F68700CC0A8C /* TLATableViewController.m */; };
		0FA7FF071907F89E00CC0A8C /* heart.png in Resources */ = {isa = PBXBuildFile; fileRef = 0FA7FF061907F89E00CC0A8C /* heart.png */; };
		0FA7FF0A1907F9D000CC0A8C /* TLATableViewCell.m in Sources */ = {isa = PBXBuildFile; fileRef = 0FA7FF091907F9D000CC0A8C /* TLATableViewCell.m */; };
		0FA7FF101908187300CC0A8C /* TLANavController.m in Sources */ = {isa = PBXBuildFile; fileRef = 0FA7FF0F1908187300CC0A8C /* TLANavController.m */; };
		0FA7FF1219083A8E00CC0A8C /* logo.png in Resources */ = {isa = PBXBuildFile; fileRef = 0FA7FF1119083A8E00CC0A8C /* logo.png */; };
/* End PBXBuildFile section */

/* Begin PBXContainerItemProxy section */
		0FA7FEEF1907F64700CC0A8C /* PBXContainerItemProxy */ = {
			isa = PBXContainerItemProxy;
			containerPortal = 0FA7FEC71907F64700CC0A8C /* Project object */;
			proxyType = 1;
			remoteGlobalIDString = 0FA7FECE1907F64700CC0A8C;
			remoteInfo = TweetLike;
		};
/* End PBXContainerItemProxy section */

/* Begin PBXFileReference section */
		0FA7FECF1907F64700CC0A8C /* TweetLike.app */ = {isa = PBXFileReference; explicitFileType = wrapper.application; includeInIndex = 0; path = TweetLike.app; sourceTree = BUILT_PRODUCTS_DIR; };
		0FA7FED21907F64700CC0A8C /* Foundation.framework */ = {isa = PBXFileReference; lastKnownFileType = wrapper.framework; name = Foundation.framework; path = System/Library/Frameworks/Foundation.framework; sourceTree = SDKROOT; };
		0FA7FED41907F64700CC0A8C /* CoreGraphics.framework */ = {isa = PBXFileReference; lastKnownFileType = wrapper.framework; name = CoreGraphics.framework; path = System/Library/Frameworks/CoreGraphics.framework; sourceTree = SDKROOT; };
		0FA7FED61907F64700CC0A8C /* UIKit.framework */ = {isa = PBXFileReference; lastKnownFileType = wrapper.framework; name = UIKit.framework; path = System/Library/Frameworks/UIKit.framework; sourceTree = SDKROOT; };
		0FA7FEDA1907F64700CC0A8C /* TweetLike-Info.plist */ = {isa = PBXFileReference; lastKnownFileType = text.plist.xml; path = "TweetLike-Info.plist"; sourceTree = "<group>"; };
		0FA7FEDC1907F64700CC0A8C /* en */ = {isa = PBXFileReference; lastKnownFileType = text.plist.strings; name = en; path = en.lproj/InfoPlist.strings; sourceTree = "<group>"; };
		0FA7FEDE1907F64700CC0A8C /* main.m */ = {isa = PBXFileReference; lastKnownFileType = sourcecode.c.objc; path = main.m; sourceTree = "<group>"; };
		0FA7FEE01907F64700CC0A8C /* TweetLike-Prefix.pch */ = {isa = PBXFileReference; lastKnownFileType = sourcecode.c.h; path = "TweetLike-Prefix.pch"; sourceTree = "<group>"; };
		0FA7FEE11907F64700CC0A8C /* TLAAppDelegate.h */ = {isa = PBXFileReference; lastKnownFileType = sourcecode.c.h; path = TLAAppDelegate.h; sourceTree = "<group>"; };
		0FA7FEE21907F64700CC0A8C /* TLAAppDelegate.m */ = {isa = PBXFileReference; lastKnownFileType = sourcecode.c.objc; path = TLAAppDelegate.m; sourceTree = "<group>"; };
		0FA7FEE41907F64700CC0A8C /* Images.xcassets */ = {isa = PBXFileReference; lastKnownFileType = folder.assetcatalog; path = Images.xcassets; sourceTree = "<group>"; };
		0FA7FEEA1907F64700CC0A8C /* TweetLikeTests.xctest */ = {isa = PBXFileReference; explicitFileType = wrapper.cfbundle; includeInIndex = 0; path = TweetLikeTests.xctest; sourceTree = BUILT_PRODUCTS_DIR; };
		0FA7FEEB1907F64700CC0A8C /* XCTest.framework */ = {isa = PBXFileReference; lastKnownFileType = wrapper.framework; name = XCTest.framework; path = Library/Frameworks/XCTest.framework; sourceTree = DEVELOPER_DIR; };
		0FA7FEF31907F64700CC0A8C /* TweetLikeTests-Info.plist */ = {isa = PBXFileReference; lastKnownFileType = text.plist.xml; path = "TweetLikeTests-Info.plist"; sourceTree = "<group>"; };
		0FA7FEF51907F64700CC0A8C /* en */ = {isa = PBXFileReference; lastKnownFileType = text.plist.strings; name = en; path = en.lproj/InfoPlist.strings; sourceTree = "<group>"; };
		0FA7FEF71907F64700CC0A8C /* TweetLikeTests.m */ = {isa = PBXFileReference; lastKnownFileType = sourcecode.c.objc; path = TweetLikeTests.m; sourceTree = "<group>"; };
		0FA7FF011907F68700CC0A8C /* TLATableViewController.h */ = {isa = PBXFileReference; fileEncoding = 4; lastKnownFileType = sourcecode.c.h; path = TLATableViewController.h; sourceTree = "<group>"; };
		0FA7FF021907F68700CC0A8C /* TLATableViewController.m */ = {isa = PBXFileReference; fileEncoding = 4; lastKnownFileType = sourcecode.c.objc; path = TLATableViewController.m; sourceTree = "<group>"; };
		0FA7FF061907F89E00CC0A8C /* heart.png */ = {isa = PBXFileReference; lastKnownFileType = image.png; name = heart.png; path = ../../../../../Desktop/heart.png; sourceTree = "<group>"; };
		0FA7FF081907F9D000CC0A8C /* TLATableViewCell.h */ = {isa = PBXFileReference; fileEncoding = 4; lastKnownFileType = sourcecode.c.h; path = TLATableViewCell.h; sourceTree = "<group>"; };
		0FA7FF091907F9D000CC0A8C /* TLATableViewCell.m */ = {isa = PBXFileReference; fileEncoding = 4; lastKnownFileType = sourcecode.c.objc; path = TLATableViewCell.m; sourceTree = "<group>"; };
		0FA7FF0E1908187300CC0A8C /* TLANavController.h */ = {isa = PBXFileReference; fileEncoding = 4; lastKnownFileType = sourcecode.c.h; path = TLANavController.h; sourceTree = "<group>"; };
		0FA7FF0F1908187300CC0A8C /* TLANavController.m */ = {isa = PBXFileReference; fileEncoding = 4; lastKnownFileType = sourcecode.c.objc; path = TLANavController.m; sourceTree = "<group>"; };
		0FA7FF1119083A8E00CC0A8C /* logo.png */ = {isa = PBXFileReference; lastKnownFileType = image.png; name = logo.png; path = ../../../../../Downloads/logo.png; sourceTree = "<group>"; };
/* End PBXFileReference section */

/* Begin PBXFrameworksBuildPhase section */
		0FA7FECC1907F64700CC0A8C /* Frameworks */ = {
			isa = PBXFrameworksBuildPhase;
			buildActionMask = 2147483647;
			files = (
				0FA7FED51907F64700CC0A8C /* CoreGraphics.framework in Frameworks */,
				0FA7FED71907F64700CC0A8C /* UIKit.framework in Frameworks */,
				0FA7FED31907F64700CC0A8C /* Foundation.framework in Frameworks */,
			);
			runOnlyForDeploymentPostprocessing = 0;
		};
		0FA7FEE71907F64700CC0A8C /* Frameworks */ = {
			isa = PBXFrameworksBuildPhase;
			buildActionMask = 2147483647;
			files = (
				0FA7FEEC1907F64700CC0A8C /* XCTest.framework in Frameworks */,
				0FA7FEEE1907F64700CC0A8C /* UIKit.framework in Frameworks */,
				0FA7FEED1907F64700CC0A8C /* Foundation.framework in Frameworks */,
			);
			runOnlyForDeploymentPostprocessing = 0;
		};
/* End PBXFrameworksBuildPhase section */

/* Begin PBXGroup section */
		0FA7FEC61907F64700CC0A8C = {
			isa = PBXGroup;
			children = (
				0FA7FED81907F64700CC0A8C /* TweetLike */,
				0FA7FEF11907F64700CC0A8C /* TweetLikeTests */,
				0FA7FED11907F64700CC0A8C /* Frameworks */,
				0FA7FED01907F64700CC0A8C /* Products */,
			);
			sourceTree = "<group>";
		};
		0FA7FED01907F64700CC0A8C /* Products */ = {
			isa = PBXGroup;
			children = (
				0FA7FECF1907F64700CC0A8C /* TweetLike.app */,
				0FA7FEEA1907F64700CC0A8C /* TweetLikeTests.xctest */,
			);
			name = Products;
			sourceTree = "<group>";
		};
		0FA7FED11907F64700CC0A8C /* Frameworks */ = {
			isa = PBXGroup;
			children = (
				0FA7FED21907F64700CC0A8C /* Foundation.framework */,
				0FA7FED41907F64700CC0A8C /* CoreGraphics.framework */,
				0FA7FED61907F64700CC0A8C /* UIKit.framework */,
				0FA7FEEB1907F64700CC0A8C /* XCTest.framework */,
			);
			name = Frameworks;
			sourceTree = "<group>";
		};
		0FA7FED81907F64700CC0A8C /* TweetLike */ = {
			isa = PBXGroup;
			children = (
				0FA7FEE11907F64700CC0A8C /* TLAAppDelegate.h */,
				0FA7FEE21907F64700CC0A8C /* TLAAppDelegate.m */,
				0FA7FEE41907F64700CC0A8C /* Images.xcassets */,
				0FA7FF0E1908187300CC0A8C /* TLANavController.h */,
				0FA7FF0F1908187300CC0A8C /* TLANavController.m */,
				0FA7FED91907F64700CC0A8C /* Supporting Files */,
				0FA7FF011907F68700CC0A8C /* TLATableViewController.h */,
				0FA7FF021907F68700CC0A8C /* TLATableViewController.m */,
				0FA7FF081907F9D000CC0A8C /* TLATableViewCell.h */,
				0FA7FF091907F9D000CC0A8C /* TLATableViewCell.m */,
			);
			path = TweetLike;
			sourceTree = "<group>";
		};
		0FA7FED91907F64700CC0A8C /* Supporting Files */ = {
			isa = PBXGroup;
			children = (
				0FA7FF1119083A8E00CC0A8C /* logo.png */,
				0FA7FF061907F89E00CC0A8C /* heart.png */,
				0FA7FEDA1907F64700CC0A8C /* TweetLike-Info.plist */,
				0FA7FEDB1907F64700CC0A8C /* InfoPlist.strings */,
				0FA7FEDE1907F64700CC0A8C /* main.m */,
				0FA7FEE01907F64700CC0A8C /* TweetLike-Prefix.pch */,
			);
			name = "Supporting Files";
			sourceTree = "<group>";
		};
		0FA7FEF11907F64700CC0A8C /* TweetLikeTests */ = {
			isa = PBXGroup;
			children = (
				0FA7FEF71907F64700CC0A8C /* TweetLikeTests.m */,
				0FA7FEF21907F64700CC0A8C /* Supporting Files */,
			);
			path = TweetLikeTests;
			sourceTree = "<group>";
		};
		0FA7FEF21907F64700CC0A8C /* Supporting Files */ = {
			isa = PBXGroup;
			children = (
				0FA7FEF31907F64700CC0A8C /* TweetLikeTests-Info.plist */,
				0FA7FEF41907F64700CC0A8C /* InfoPlist.strings */,
			);
			name = "Supporting Files";
			sourceTree = "<group>";
		};
/* End PBXGroup section */

/* Begin PBXNativeTarget section */
		0FA7FECE1907F64700CC0A8C /* TweetLike */ = {
			isa = PBXNativeTarget;
			buildConfigurationList = 0FA7FEFB1907F64700CC0A8C /* Build configuration list for PBXNativeTarget "TweetLike" */;
			buildPhases = (
				0FA7FECB1907F64700CC0A8C /* Sources */,
				0FA7FECC1907F64700CC0A8C /* Frameworks */,
				0FA7FECD1907F64700CC0A8C /* Resources */,
			);
			buildRules = (
			);
			dependencies = (
			);
			name = TweetLike;
			productName = TweetLike;
			productReference = 0FA7FECF1907F64700CC0A8C /* TweetLike.app */;
			productType = "com.apple.product-type.application";
		};
		0FA7FEE91907F64700CC0A8C /* TweetLikeTests */ = {
			isa = PBXNativeTarget;
			buildConfigurationList = 0FA7FEFE1907F64700CC0A8C /* Build configuration list for PBXNativeTarget "TweetLikeTests" */;
			buildPhases = (
				0FA7FEE61907F64700CC0A8C /* Sources */,
				0FA7FEE71907F64700CC0A8C /* Frameworks */,
				0FA7FEE81907F64700CC0A8C /* Resources */,
			);
			buildRules = (
			);
			dependencies = (
				0FA7FEF01907F64700CC0A8C /* PBXTargetDependency */,
			);
			name = TweetLikeTests;
			productName = TweetLikeTests;
			productReference = 0FA7FEEA1907F64700CC0A8C /* TweetLikeTests.xctest */;
			productType = "com.apple.product-type.bundle.unit-test";
		};
/* End PBXNativeTarget section */

/* Begin PBXProject section */
		0FA7FEC71907F64700CC0A8C /* Project object */ = {
			isa = PBXProject;
			attributes = {
				CLASSPREFIX = TLA;
				LastUpgradeCheck = 0510;
				ORGANIZATIONNAME = "Ali Houshmand";
				TargetAttributes = {
					0FA7FEE91907F64700CC0A8C = {
						TestTargetID = 0FA7FECE1907F64700CC0A8C;
					};
				};
			};
			buildConfigurationList = 0FA7FECA1907F64700CC0A8C /* Build configuration list for PBXProject "TweetLike" */;
			compatibilityVersion = "Xcode 3.2";
			developmentRegion = English;
			hasScannedForEncodings = 0;
			knownRegions = (
				en,
			);
			mainGroup = 0FA7FEC61907F64700CC0A8C;
			productRefGroup = 0FA7FED01907F64700CC0A8C /* Products */;
			projectDirPath = "";
			projectRoot = "";
			targets = (
				0FA7FECE1907F64700CC0A8C /* TweetLike */,
				0FA7FEE91907F64700CC0A8C /* TweetLikeTests */,
			);
		};
/* End PBXProject section */

/* Begin PBXResourcesBuildPhase section */
		0FA7FECD1907F64700CC0A8C /* Resources */ = {
			isa = PBXResourcesBuildPhase;
			buildActionMask = 2147483647;
			files = (
				0FA7FF1219083A8E00CC0A8C /* logo.png in Resources */,
				0FA7FEDD1907F64700CC0A8C /* InfoPlist.strings in Resources */,
				0FA7FF071907F89E00CC0A8C /* heart.png in Resources */,
				0FA7FEE51907F64700CC0A8C /* Images.xcassets in Resources */,
			);
			runOnlyForDeploymentPostprocessing = 0;
		};
		0FA7FEE81907F64700CC0A8C /* Resources */ = {
			isa = PBXResourcesBuildPhase;
			buildActionMask = 2147483647;
			files = (
				0FA7FEF61907F64700CC0A8C /* InfoPlist.strings in Resources */,
			);
			runOnlyForDeploymentPostprocessing = 0;
		};
/* End PBXResourcesBuildPhase section */

/* Begin PBXSourcesBuildPhase section */
		0FA7FECB1907F64700CC0A8C /* Sources */ = {
			isa = PBXSourcesBuildPhase;
			buildActionMask = 2147483647;
			files = (
				0FA7FEE31907F64700CC0A8C /* TLAAppDelegate.m in Sources */,
				0FA7FF0A1907F9D000CC0A8C /* TLATableViewCell.m in Sources */,
				0FA7FF101908187300CC0A8C /* TLANavController.m in Sources */,
				0FA7FEDF1907F64700CC0A8C /* main.m in Sources */,
				0FA7FF031907F68700CC0A8C /* TLATableViewController.m in Sources */,
			);
			runOnlyForDeploymentPostprocessing = 0;
		};
		0FA7FEE61907F64700CC0A8C /* Sources */ = {
			isa = PBXSourcesBuildPhase;
			buildActionMask = 2147483647;
			files = (
				0FA7FEF81907F64700CC0A8C /* TweetLikeTests.m in Sources */,
			);
			runOnlyForDeploymentPostprocessing = 0;
		};
/* End PBXSourcesBuildPhase section */

/* Begin PBXTargetDependency section */
		0FA7FEF01907F64700CC0A8C /* PBXTargetDependency */ = {
			isa = PBXTargetDependency;
			target = 0FA7FECE1907F64700CC0A8C /* TweetLike */;
			targetProxy = 0FA7FEEF1907F64700CC0A8C /* PBXContainerItemProxy */;
		};
/* End PBXTargetDependency section */

/* Begin PBXVariantGroup section */
		0FA7FEDB1907F64700CC0A8C /* InfoPlist.strings */ = {
			isa = PBXVariantGroup;
			children = (
				0FA7FEDC1907F64700CC0A8C /* en */,
			);
			name = InfoPlist.strings;
			sourceTree = "<group>";
		};
		0FA7FEF41907F64700CC0A8C /* InfoPlist.strings */ = {
			isa = PBXVariantGroup;
			children = (
				0FA7FEF51907F64700CC0A8C /* en */,
			);
			name = InfoPlist.strings;
			sourceTree = "<group>";
		};
/* End PBXVariantGroup section */

/* Begin XCBuildConfiguration section */
		0FA7FEF91907F64700CC0A8C /* Debug */ = {
			isa = XCBuildConfiguration;
			buildSettings = {
				ALWAYS_SEARCH_USER_PATHS = NO;
				CLANG_CXX_LANGUAGE_STANDARD = "gnu++0x";
				CLANG_CXX_LIBRARY = "libc++";
				CLANG_ENABLE_MODULES = YES;
				CLANG_ENABLE_OBJC_ARC = YES;
				CLANG_WARN_BOOL_CONVERSION = YES;
				CLANG_WARN_CONSTANT_CONVERSION = YES;
				CLANG_WARN_DIRECT_OBJC_ISA_USAGE = YES_ERROR;
				CLANG_WARN_EMPTY_BODY = YES;
				CLANG_WARN_ENUM_CONVERSION = YES;
				CLANG_WARN_INT_CONVERSION = YES;
				CLANG_WARN_OBJC_ROOT_CLASS = YES_ERROR;
				CLANG_WARN__DUPLICATE_METHOD_MATCH = YES;
				"CODE_SIGN_IDENTITY[sdk=iphoneos*]" = "iPhone Developer";
				COPY_PHASE_STRIP = NO;
				GCC_C_LANGUAGE_STANDARD = gnu99;
				GCC_DYNAMIC_NO_PIC = NO;
				GCC_OPTIMIZATION_LEVEL = 0;
				GCC_PREPROCESSOR_DEFINITIONS = (
					"DEBUG=1",
					"$(inherited)",
				);
				GCC_SYMBOLS_PRIVATE_EXTERN = NO;
				GCC_WARN_64_TO_32_BIT_CONVERSION = YES;
				GCC_WARN_ABOUT_RETURN_TYPE = YES_ERROR;
				GCC_WARN_UNDECLARED_SELECTOR = YES;
				GCC_WARN_UNINITIALIZED_AUTOS = YES_AGGRESSIVE;
				GCC_WARN_UNUSED_FUNCTION = YES;
				GCC_WARN_UNUSED_VARIABLE = YES;
				IPHONEOS_DEPLOYMENT_TARGET = 7.1;
				ONLY_ACTIVE_ARCH = YES;
				SDKROOT = iphoneos;
			};
			name = Debug;
		};
		0FA7FEFA1907F64700CC0A8C /* Release */ = {
			isa = XCBuildConfiguration;
			buildSettings = {
				ALWAYS_SEARCH_USER_PATHS = NO;
				CLANG_CXX_LANGUAGE_STANDARD = "gnu++0x";
				CLANG_CXX_LIBRARY = "libc++";
				CLANG_ENABLE_MODULES = YES;
				CLANG_ENABLE_OBJC_ARC = YES;
				CLANG_WARN_BOOL_CONVERSION = YES;
				CLANG_WARN_CONSTANT_CONVERSION = YES;
				CLANG_WARN_DIRECT_OBJC_ISA_USAGE = YES_ERROR;
				CLANG_WARN_EMPTY_BODY = YES;
				CLANG_WARN_ENUM_CONVERSION = YES;
				CLANG_WARN_INT_CONVERSION = YES;
				CLANG_WARN_OBJC_ROOT_CLASS = YES_ERROR;
				CLANG_WARN__DUPLICATE_METHOD_MATCH = YES;
				"CODE_SIGN_IDENTITY[sdk=iphoneos*]" = "iPhone Developer";
				COPY_PHASE_STRIP = YES;
				ENABLE_NS_ASSERTIONS = NO;
				GCC_C_LANGUAGE_STANDARD = gnu99;
				GCC_WARN_64_TO_32_BIT_CONVERSION = YES;
				GCC_WARN_ABOUT_RETURN_TYPE = YES_ERROR;
				GCC_WARN_UNDECLARED_SELECTOR = YES;
				GCC_WARN_UNINITIALIZED_AUTOS = YES_AGGRESSIVE;
				GCC_WARN_UNUSED_FUNCTION = YES;
				GCC_WARN_UNUSED_VARIABLE = YES;
				IPHONEOS_DEPLOYMENT_TARGET = 7.1;
				SDKROOT = iphoneos;
				VALIDATE_PRODUCT = YES;
			};
			name = Release;
		};
		0FA7FEFC1907F64700CC0A8C /* Debug */ = {
			isa = XCBuildConfiguration;
			buildSettings = {
				ASSETCATALOG_COMPILER_APPICON_NAME = AppIcon;
				ASSETCATALOG_COMPILER_LAUNCHIMAGE_NAME = LaunchImage;
				GCC_PRECOMPILE_PREFIX_HEADER = YES;
				GCC_PREFIX_HEADER = "TweetLike/TweetLike-Prefix.pch";
				INFOPLIST_FILE = "TweetLike/TweetLike-Info.plist";
				PRODUCT_NAME = "$(TARGET_NAME)";
				WRAPPER_EXTENSION = app;
			};
			name = Debug;
		};
		0FA7FEFD1907F64700CC0A8C /* Release */ = {
			isa = XCBuildConfiguration;
			buildSettings = {
				ASSETCATALOG_COMPILER_APPICON_NAME = AppIcon;
				ASSETCATALOG_COMPILER_LAUNCHIMAGE_NAME = LaunchImage;
				GCC_PRECOMPILE_PREFIX_HEADER = YES;
				GCC_PREFIX_HEADER = "TweetLike/TweetLike-Prefix.pch";
				INFOPLIST_FILE = "TweetLike/TweetLike-Info.plist";
				PRODUCT_NAME = "$(TARGET_NAME)";
				WRAPPER_EXTENSION = app;
			};
			name = Release;
		};
		0FA7FEFF1907F64700CC0A8C /* Debug */ = {
			isa = XCBuildConfiguration;
			buildSettings = {
				BUNDLE_LOADER = "$(BUILT_PRODUCTS_DIR)/TweetLike.app/TweetLike";
				FRAMEWORK_SEARCH_PATHS = (
					"$(SDKROOT)/Developer/Library/Frameworks",
					"$(inherited)",
					"$(DEVELOPER_FRAMEWORKS_DIR)",
				);
				GCC_PRECOMPILE_PREFIX_HEADER = YES;
				GCC_PREFIX_HEADER = "TweetLike/TweetLike-Prefix.pch";
				GCC_PREPROCESSOR_DEFINITIONS = (
					"DEBUG=1",
					"$(inherited)",
				);
				INFOPLIST_FILE = "TweetLikeTests/TweetLikeTests-Info.plist";
				PRODUCT_NAME = "$(TARGET_NAME)";
				TEST_HOST = "$(BUNDLE_LOADER)";
				WRAPPER_EXTENSION = xctest;
			};
			name = Debug;
		};
		0FA7FF001907F64700CC0A8C /* Release */ = {
			isa = XCBuildConfiguration;
			buildSettings = {
				BUNDLE_LOADER = "$(BUILT_PRODUCTS_DIR)/TweetLike.app/TweetLike";
				FRAMEWORK_SEARCH_PATHS = (
					"$(SDKROOT)/Developer/Library/Frameworks",
					"$(inherited)",
					"$(DEVELOPER_FRAMEWORKS_DIR)",
				);
				GCC_PRECOMPILE_PREFIX_HEADER = YES;
				GCC_PREFIX_HEADER = "TweetLike/TweetLike-Prefix.pch";
				INFOPLIST_FILE = "TweetLikeTests/TweetLikeTests-Info.plist";
				PRODUCT_NAME = "$(TARGET_NAME)";
				TEST_HOST = "$(BUNDLE_LOADER)";
				WRAPPER_EXTENSION = xctest;
			};
			name = Release;
		};
/* End XCBuildConfiguration section */

/* Begin XCConfigurationList section */
		0FA7FECA1907F64700CC0A8C /* Build configuration list for PBXProject "TweetLike" */ = {
			isa = XCConfigurationList;
			buildConfigurations = (
				0FA7FEF91907F64700CC0A8C /* Debug */,
				0FA7FEFA1907F64700CC0A8C /* Release */,
			);
			defaultConfigurationIsVisible = 0;
			defaultConfigurationName = Release;
		};
		0FA7FEFB1907F64700CC0A8C /* Build configuration list for PBXNativeTarget "TweetLike" */ = {
			isa = XCConfigurationList;
			buildConfigurations = (
				0FA7FEFC1907F64700CC0A8C /* Debug */,
				0FA7FEFD1907F64700CC0A8C /* Release */,
			);
			defaultConfigurationIsVisible = 0;
		};
		0FA7FEFE1907F64700CC0A8C /* Build configuration list for PBXNativeTarget "TweetLikeTests" */ = {
			isa = XCConfigurationList;
			buildConfigurations = (
				0FA7FEFF1907F64700CC0A8C /* Debug */,
				0FA7FF001907F64700CC0A8C /* Release */,
			);
			defaultConfigurationIsVisible = 0;
		};
/* End XCConfigurationList section */
	};
	rootObject = 0FA7FEC71907F64700CC0A8C /* Project object */;
}
