// !$*UTF8*$!
{
	archiveVersion = 1;
	classes = {
	};
	objectVersion = 46;
	objects = {

/* Begin PBXBuildFile section */
		0F0D5A2119310127002443F8 /* Foundation.framework in Frameworks */ = {isa = PBXBuildFile; fileRef = 0F0D5A2019310127002443F8 /* Foundation.framework */; };
		0F0D5A2319310127002443F8 /* CoreGraphics.framework in Frameworks */ = {isa = PBXBuildFile; fileRef = 0F0D5A2219310127002443F8 /* CoreGraphics.framework */; };
		0F0D5A2519310127002443F8 /* UIKit.framework in Frameworks */ = {isa = PBXBuildFile; fileRef = 0F0D5A2419310127002443F8 /* UIKit.framework */; };
		0F0D5A2B19310127002443F8 /* InfoPlist.strings in Resources */ = {isa = PBXBuildFile; fileRef = 0F0D5A2919310127002443F8 /* InfoPlist.strings */; };
		0F0D5A2D19310127002443F8 /* main.m in Sources */ = {isa = PBXBuildFile; fileRef = 0F0D5A2C19310127002443F8 /* main.m */; };
		0F0D5A3119310127002443F8 /* MIOAppDelegate.m in Sources */ = {isa = PBXBuildFile; fileRef = 0F0D5A3019310127002443F8 /* MIOAppDelegate.m */; };
		0F0D5A3319310127002443F8 /* Images.xcassets in Resources */ = {isa = PBXBuildFile; fileRef = 0F0D5A3219310127002443F8 /* Images.xcassets */; };
		0F0D5A3A19310127002443F8 /* XCTest.framework in Frameworks */ = {isa = PBXBuildFile; fileRef = 0F0D5A3919310127002443F8 /* XCTest.framework */; };
		0F0D5A3B19310127002443F8 /* Foundation.framework in Frameworks */ = {isa = PBXBuildFile; fileRef = 0F0D5A2019310127002443F8 /* Foundation.framework */; };
		0F0D5A3C19310127002443F8 /* UIKit.framework in Frameworks */ = {isa = PBXBuildFile; fileRef = 0F0D5A2419310127002443F8 /* UIKit.framework */; };
		0F0D5A4419310127002443F8 /* InfoPlist.strings in Resources */ = {isa = PBXBuildFile; fileRef = 0F0D5A4219310127002443F8 /* InfoPlist.strings */; };
		0F0D5A4619310127002443F8 /* MoveInOutTests.m in Sources */ = {isa = PBXBuildFile; fileRef = 0F0D5A4519310127002443F8 /* MoveInOutTests.m */; };
		0F0D5A5119310396002443F8 /* MIOWelcomeVC.m in Sources */ = {isa = PBXBuildFile; fileRef = 0F0D5A5019310396002443F8 /* MIOWelcomeVC.m */; };
		0F0D5A53193108CE002443F8 /* folder.png in Resources */ = {isa = PBXBuildFile; fileRef = 0F0D5A52193108CE002443F8 /* folder.png */; };
		0F0D5A5519310935002443F8 /* new.png in Resources */ = {isa = PBXBuildFile; fileRef = 0F0D5A5419310935002443F8 /* new.png */; };
		0F0D5A5819311078002443F8 /* MIOStartNewVC.m in Sources */ = {isa = PBXBuildFile; fileRef = 0F0D5A5719311078002443F8 /* MIOStartNewVC.m */; };
		0F0D5A5B193111FD002443F8 /* MIONavVC.m in Sources */ = {isa = PBXBuildFile; fileRef = 0F0D5A5A193111FD002443F8 /* MIONavVC.m */; };
		0F0D5A5E19311B92002443F8 /* movein.png in Resources */ = {isa = PBXBuildFile; fileRef = 0F0D5A5C19311B91002443F8 /* movein.png */; };
		0F0D5A5F19311B92002443F8 /* moveout.png in Resources */ = {isa = PBXBuildFile; fileRef = 0F0D5A5D19311B92002443F8 /* moveout.png */; };
/* End PBXBuildFile section */

/* Begin PBXContainerItemProxy section */
		0F0D5A3D19310127002443F8 /* PBXContainerItemProxy */ = {
			isa = PBXContainerItemProxy;
			containerPortal = 0F0D5A1519310127002443F8 /* Project object */;
			proxyType = 1;
			remoteGlobalIDString = 0F0D5A1C19310127002443F8;
			remoteInfo = MoveInOut;
		};
/* End PBXContainerItemProxy section */

/* Begin PBXFileReference section */
		0F0D5A1D19310127002443F8 /* MoveInOut.app */ = {isa = PBXFileReference; explicitFileType = wrapper.application; includeInIndex = 0; path = MoveInOut.app; sourceTree = BUILT_PRODUCTS_DIR; };
		0F0D5A2019310127002443F8 /* Foundation.framework */ = {isa = PBXFileReference; lastKnownFileType = wrapper.framework; name = Foundation.framework; path = System/Library/Frameworks/Foundation.framework; sourceTree = SDKROOT; };
		0F0D5A2219310127002443F8 /* CoreGraphics.framework */ = {isa = PBXFileReference; lastKnownFileType = wrapper.framework; name = CoreGraphics.framework; path = System/Library/Frameworks/CoreGraphics.framework; sourceTree = SDKROOT; };
		0F0D5A2419310127002443F8 /* UIKit.framework */ = {isa = PBXFileReference; lastKnownFileType = wrapper.framework; name = UIKit.framework; path = System/Library/Frameworks/UIKit.framework; sourceTree = SDKROOT; };
		0F0D5A2819310127002443F8 /* MoveInOut-Info.plist */ = {isa = PBXFileReference; lastKnownFileType = text.plist.xml; path = "MoveInOut-Info.plist"; sourceTree = "<group>"; };
		0F0D5A2A19310127002443F8 /* en */ = {isa = PBXFileReference; lastKnownFileType = text.plist.strings; name = en; path = en.lproj/InfoPlist.strings; sourceTree = "<group>"; };
		0F0D5A2C19310127002443F8 /* main.m */ = {isa = PBXFileReference; lastKnownFileType = sourcecode.c.objc; path = main.m; sourceTree = "<group>"; };
		0F0D5A2E19310127002443F8 /* MoveInOut-Prefix.pch */ = {isa = PBXFileReference; lastKnownFileType = sourcecode.c.h; path = "MoveInOut-Prefix.pch"; sourceTree = "<group>"; };
		0F0D5A2F19310127002443F8 /* MIOAppDelegate.h */ = {isa = PBXFileReference; lastKnownFileType = sourcecode.c.h; path = MIOAppDelegate.h; sourceTree = "<group>"; };
		0F0D5A3019310127002443F8 /* MIOAppDelegate.m */ = {isa = PBXFileReference; lastKnownFileType = sourcecode.c.objc; path = MIOAppDelegate.m; sourceTree = "<group>"; };
		0F0D5A3219310127002443F8 /* Images.xcassets */ = {isa = PBXFileReference; lastKnownFileType = folder.assetcatalog; path = Images.xcassets; sourceTree = "<group>"; };
		0F0D5A3819310127002443F8 /* MoveInOutTests.xctest */ = {isa = PBXFileReference; explicitFileType = wrapper.cfbundle; includeInIndex = 0; path = MoveInOutTests.xctest; sourceTree = BUILT_PRODUCTS_DIR; };
		0F0D5A3919310127002443F8 /* XCTest.framework */ = {isa = PBXFileReference; lastKnownFileType = wrapper.framework; name = XCTest.framework; path = Library/Frameworks/XCTest.framework; sourceTree = DEVELOPER_DIR; };
		0F0D5A4119310127002443F8 /* MoveInOutTests-Info.plist */ = {isa = PBXFileReference; lastKnownFileType = text.plist.xml; path = "MoveInOutTests-Info.plist"; sourceTree = "<group>"; };
		0F0D5A4319310127002443F8 /* en */ = {isa = PBXFileReference; lastKnownFileType = text.plist.strings; name = en; path = en.lproj/InfoPlist.strings; sourceTree = "<group>"; };
		0F0D5A4519310127002443F8 /* MoveInOutTests.m */ = {isa = PBXFileReference; lastKnownFileType = sourcecode.c.objc; path = MoveInOutTests.m; sourceTree = "<group>"; };
		0F0D5A4F19310396002443F8 /* MIOWelcomeVC.h */ = {isa = PBXFileReference; fileEncoding = 4; lastKnownFileType = sourcecode.c.h; path = MIOWelcomeVC.h; sourceTree = "<group>"; };
		0F0D5A5019310396002443F8 /* MIOWelcomeVC.m */ = {isa = PBXFileReference; fileEncoding = 4; lastKnownFileType = sourcecode.c.objc; path = MIOWelcomeVC.m; sourceTree = "<group>"; };
		0F0D5A52193108CE002443F8 /* folder.png */ = {isa = PBXFileReference; lastKnownFileType = image.png; path = folder.png; sourceTree = "<group>"; };
		0F0D5A5419310935002443F8 /* new.png */ = {isa = PBXFileReference; lastKnownFileType = image.png; path = new.png; sourceTree = "<group>"; };
		0F0D5A5619311078002443F8 /* MIOStartNewVC.h */ = {isa = PBXFileReference; fileEncoding = 4; lastKnownFileType = sourcecode.c.h; path = MIOStartNewVC.h; sourceTree = "<group>"; };
		0F0D5A5719311078002443F8 /* MIOStartNewVC.m */ = {isa = PBXFileReference; fileEncoding = 4; lastKnownFileType = sourcecode.c.objc; path = MIOStartNewVC.m; sourceTree = "<group>"; };
		0F0D5A59193111FD002443F8 /* MIONavVC.h */ = {isa = PBXFileReference; fileEncoding = 4; lastKnownFileType = sourcecode.c.h; path = MIONavVC.h; sourceTree = "<group>"; };
		0F0D5A5A193111FD002443F8 /* MIONavVC.m */ = {isa = PBXFileReference; fileEncoding = 4; lastKnownFileType = sourcecode.c.objc; path = MIONavVC.m; sourceTree = "<group>"; };
		0F0D5A5C19311B91002443F8 /* movein.png */ = {isa = PBXFileReference; lastKnownFileType = image.png; path = movein.png; sourceTree = "<group>"; };
		0F0D5A5D19311B92002443F8 /* moveout.png */ = {isa = PBXFileReference; lastKnownFileType = image.png; path = moveout.png; sourceTree = "<group>"; };
/* End PBXFileReference section */

/* Begin PBXFrameworksBuildPhase section */
		0F0D5A1A19310127002443F8 /* Frameworks */ = {
			isa = PBXFrameworksBuildPhase;
			buildActionMask = 2147483647;
			files = (
				0F0D5A2319310127002443F8 /* CoreGraphics.framework in Frameworks */,
				0F0D5A2519310127002443F8 /* UIKit.framework in Frameworks */,
				0F0D5A2119310127002443F8 /* Foundation.framework in Frameworks */,
			);
			runOnlyForDeploymentPostprocessing = 0;
		};
		0F0D5A3519310127002443F8 /* Frameworks */ = {
			isa = PBXFrameworksBuildPhase;
			buildActionMask = 2147483647;
			files = (
				0F0D5A3A19310127002443F8 /* XCTest.framework in Frameworks */,
				0F0D5A3C19310127002443F8 /* UIKit.framework in Frameworks */,
				0F0D5A3B19310127002443F8 /* Foundation.framework in Frameworks */,
			);
			runOnlyForDeploymentPostprocessing = 0;
		};
/* End PBXFrameworksBuildPhase section */

/* Begin PBXGroup section */
		0F0D5A1419310127002443F8 = {
			isa = PBXGroup;
			children = (
				0F0D5A2619310127002443F8 /* MoveInOut */,
				0F0D5A3F19310127002443F8 /* MoveInOutTests */,
				0F0D5A1F19310127002443F8 /* Frameworks */,
				0F0D5A1E19310127002443F8 /* Products */,
			);
			sourceTree = "<group>";
		};
		0F0D5A1E19310127002443F8 /* Products */ = {
			isa = PBXGroup;
			children = (
				0F0D5A1D19310127002443F8 /* MoveInOut.app */,
				0F0D5A3819310127002443F8 /* MoveInOutTests.xctest */,
			);
			name = Products;
			sourceTree = "<group>";
		};
		0F0D5A1F19310127002443F8 /* Frameworks */ = {
			isa = PBXGroup;
			children = (
				0F0D5A2019310127002443F8 /* Foundation.framework */,
				0F0D5A2219310127002443F8 /* CoreGraphics.framework */,
				0F0D5A2419310127002443F8 /* UIKit.framework */,
				0F0D5A3919310127002443F8 /* XCTest.framework */,
			);
			name = Frameworks;
			sourceTree = "<group>";
		};
		0F0D5A2619310127002443F8 /* MoveInOut */ = {
			isa = PBXGroup;
			children = (
				0F0D5A2F19310127002443F8 /* MIOAppDelegate.h */,
				0F0D5A3019310127002443F8 /* MIOAppDelegate.m */,
				0F0D5A4F19310396002443F8 /* MIOWelcomeVC.h */,
				0F0D5A5019310396002443F8 /* MIOWelcomeVC.m */,
				0F0D5A5619311078002443F8 /* MIOStartNewVC.h */,
				0F0D5A5719311078002443F8 /* MIOStartNewVC.m */,
				0F0D5A59193111FD002443F8 /* MIONavVC.h */,
				0F0D5A5A193111FD002443F8 /* MIONavVC.m */,
				0F0D5A3219310127002443F8 /* Images.xcassets */,
				0F0D5A2719310127002443F8 /* Supporting Files */,
			);
			path = MoveInOut;
			sourceTree = "<group>";
		};
		0F0D5A2719310127002443F8 /* Supporting Files */ = {
			isa = PBXGroup;
			children = (
				0F0D5A2819310127002443F8 /* MoveInOut-Info.plist */,
				0F0D5A2919310127002443F8 /* InfoPlist.strings */,
				0F0D5A2C19310127002443F8 /* main.m */,
				0F0D5A2E19310127002443F8 /* MoveInOut-Prefix.pch */,
				0F0D5A52193108CE002443F8 /* folder.png */,
				0F0D5A5419310935002443F8 /* new.png */,
				0F0D5A5C19311B91002443F8 /* movein.png */,
				0F0D5A5D19311B92002443F8 /* moveout.png */,
			);
			name = "Supporting Files";
			sourceTree = "<group>";
		};
		0F0D5A3F19310127002443F8 /* MoveInOutTests */ = {
			isa = PBXGroup;
			children = (
				0F0D5A4519310127002443F8 /* MoveInOutTests.m */,
				0F0D5A4019310127002443F8 /* Supporting Files */,
			);
			path = MoveInOutTests;
			sourceTree = "<group>";
		};
		0F0D5A4019310127002443F8 /* Supporting Files */ = {
			isa = PBXGroup;
			children = (
				0F0D5A4119310127002443F8 /* MoveInOutTests-Info.plist */,
				0F0D5A4219310127002443F8 /* InfoPlist.strings */,
			);
			name = "Supporting Files";
			sourceTree = "<group>";
		};
/* End PBXGroup section */

/* Begin PBXNativeTarget section */
		0F0D5A1C19310127002443F8 /* MoveInOut */ = {
			isa = PBXNativeTarget;
			buildConfigurationList = 0F0D5A4919310127002443F8 /* Build configuration list for PBXNativeTarget "MoveInOut" */;
			buildPhases = (
				0F0D5A1919310127002443F8 /* Sources */,
				0F0D5A1A19310127002443F8 /* Frameworks */,
				0F0D5A1B19310127002443F8 /* Resources */,
			);
			buildRules = (
			);
			dependencies = (
			);
			name = MoveInOut;
			productName = MoveInOut;
			productReference = 0F0D5A1D19310127002443F8 /* MoveInOut.app */;
			productType = "com.apple.product-type.application";
		};
		0F0D5A3719310127002443F8 /* MoveInOutTests */ = {
			isa = PBXNativeTarget;
			buildConfigurationList = 0F0D5A4C19310127002443F8 /* Build configuration list for PBXNativeTarget "MoveInOutTests" */;
			buildPhases = (
				0F0D5A3419310127002443F8 /* Sources */,
				0F0D5A3519310127002443F8 /* Frameworks */,
				0F0D5A3619310127002443F8 /* Resources */,
			);
			buildRules = (
			);
			dependencies = (
				0F0D5A3E19310127002443F8 /* PBXTargetDependency */,
			);
			name = MoveInOutTests;
			productName = MoveInOutTests;
			productReference = 0F0D5A3819310127002443F8 /* MoveInOutTests.xctest */;
			productType = "com.apple.product-type.bundle.unit-test";
		};
/* End PBXNativeTarget section */

/* Begin PBXProject section */
		0F0D5A1519310127002443F8 /* Project object */ = {
			isa = PBXProject;
			attributes = {
				CLASSPREFIX = MIO;
				LastUpgradeCheck = 0510;
				ORGANIZATIONNAME = "Ali Houshmand";
				TargetAttributes = {
					0F0D5A3719310127002443F8 = {
						TestTargetID = 0F0D5A1C19310127002443F8;
					};
				};
			};
			buildConfigurationList = 0F0D5A1819310127002443F8 /* Build configuration list for PBXProject "MoveInOut" */;
			compatibilityVersion = "Xcode 3.2";
			developmentRegion = English;
			hasScannedForEncodings = 0;
			knownRegions = (
				en,
			);
			mainGroup = 0F0D5A1419310127002443F8;
			productRefGroup = 0F0D5A1E19310127002443F8 /* Products */;
			projectDirPath = "";
			projectRoot = "";
			targets = (
				0F0D5A1C19310127002443F8 /* MoveInOut */,
				0F0D5A3719310127002443F8 /* MoveInOutTests */,
			);
		};
/* End PBXProject section */

/* Begin PBXResourcesBuildPhase section */
		0F0D5A1B19310127002443F8 /* Resources */ = {
			isa = PBXResourcesBuildPhase;
			buildActionMask = 2147483647;
			files = (
				0F0D5A5519310935002443F8 /* new.png in Resources */,
				0F0D5A5E19311B92002443F8 /* movein.png in Resources */,
				0F0D5A2B19310127002443F8 /* InfoPlist.strings in Resources */,
				0F0D5A5F19311B92002443F8 /* moveout.png in Resources */,
				0F0D5A3319310127002443F8 /* Images.xcassets in Resources */,
				0F0D5A53193108CE002443F8 /* folder.png in Resources */,
			);
			runOnlyForDeploymentPostprocessing = 0;
		};
		0F0D5A3619310127002443F8 /* Resources */ = {
			isa = PBXResourcesBuildPhase;
			buildActionMask = 2147483647;
			files = (
				0F0D5A4419310127002443F8 /* InfoPlist.strings in Resources */,
			);
			runOnlyForDeploymentPostprocessing = 0;
		};
/* End PBXResourcesBuildPhase section */

/* Begin PBXSourcesBuildPhase section */
		0F0D5A1919310127002443F8 /* Sources */ = {
			isa = PBXSourcesBuildPhase;
			buildActionMask = 2147483647;
			files = (
				0F0D5A5819311078002443F8 /* MIOStartNewVC.m in Sources */,
				0F0D5A3119310127002443F8 /* MIOAppDelegate.m in Sources */,
				0F0D5A2D19310127002443F8 /* main.m in Sources */,
				0F0D5A5119310396002443F8 /* MIOWelcomeVC.m in Sources */,
				0F0D5A5B193111FD002443F8 /* MIONavVC.m in Sources */,
			);
			runOnlyForDeploymentPostprocessing = 0;
		};
		0F0D5A3419310127002443F8 /* Sources */ = {
			isa = PBXSourcesBuildPhase;
			buildActionMask = 2147483647;
			files = (
				0F0D5A4619310127002443F8 /* MoveInOutTests.m in Sources */,
			);
			runOnlyForDeploymentPostprocessing = 0;
		};
/* End PBXSourcesBuildPhase section */

/* Begin PBXTargetDependency section */
		0F0D5A3E19310127002443F8 /* PBXTargetDependency */ = {
			isa = PBXTargetDependency;
			target = 0F0D5A1C19310127002443F8 /* MoveInOut */;
			targetProxy = 0F0D5A3D19310127002443F8 /* PBXContainerItemProxy */;
		};
/* End PBXTargetDependency section */

/* Begin PBXVariantGroup section */
		0F0D5A2919310127002443F8 /* InfoPlist.strings */ = {
			isa = PBXVariantGroup;
			children = (
				0F0D5A2A19310127002443F8 /* en */,
			);
			name = InfoPlist.strings;
			sourceTree = "<group>";
		};
		0F0D5A4219310127002443F8 /* InfoPlist.strings */ = {
			isa = PBXVariantGroup;
			children = (
				0F0D5A4319310127002443F8 /* en */,
			);
			name = InfoPlist.strings;
			sourceTree = "<group>";
		};
/* End PBXVariantGroup section */

/* Begin XCBuildConfiguration section */
		0F0D5A4719310127002443F8 /* Debug */ = {
			isa = XCBuildConfiguration;
			buildSettings = {
				ALWAYS_SEARCH_USER_PATHS = NO;
				CLANG_CXX_LANGUAGE_STANDARD = "gnu++0x";
				CLANG_CXX_LIBRARY = "libc++";
				CLANG_ENABLE_MODULES = YES;
				CLANG_ENABLE_OBJC_ARC = YES;
				CLANG_WARN_BOOL_CONVERSION = YES;
				CLANG_WARN_CONSTANT_CONVERSION = YES;
				CLANG_WARN_DIRECT_OBJC_ISA_USAGE = YES_ERROR;
				CLANG_WARN_EMPTY_BODY = YES;
				CLANG_WARN_ENUM_CONVERSION = YES;
				CLANG_WARN_INT_CONVERSION = YES;
				CLANG_WARN_OBJC_ROOT_CLASS = YES_ERROR;
				CLANG_WARN__DUPLICATE_METHOD_MATCH = YES;
				"CODE_SIGN_IDENTITY[sdk=iphoneos*]" = "iPhone Developer";
				COPY_PHASE_STRIP = NO;
				GCC_C_LANGUAGE_STANDARD = gnu99;
				GCC_DYNAMIC_NO_PIC = NO;
				GCC_OPTIMIZATION_LEVEL = 0;
				GCC_PREPROCESSOR_DEFINITIONS = (
					"DEBUG=1",
					"$(inherited)",
				);
				GCC_SYMBOLS_PRIVATE_EXTERN = NO;
				GCC_WARN_64_TO_32_BIT_CONVERSION = YES;
				GCC_WARN_ABOUT_RETURN_TYPE = YES_ERROR;
				GCC_WARN_UNDECLARED_SELECTOR = YES;
				GCC_WARN_UNINITIALIZED_AUTOS = YES_AGGRESSIVE;
				GCC_WARN_UNUSED_FUNCTION = YES;
				GCC_WARN_UNUSED_VARIABLE = YES;
				IPHONEOS_DEPLOYMENT_TARGET = 7.1;
				ONLY_ACTIVE_ARCH = YES;
				SDKROOT = iphoneos;
				TARGETED_DEVICE_FAMILY = 2;
			};
			name = Debug;
		};
		0F0D5A4819310127002443F8 /* Release */ = {
			isa = XCBuildConfiguration;
			buildSettings = {
				ALWAYS_SEARCH_USER_PATHS = NO;
				CLANG_CXX_LANGUAGE_STANDARD = "gnu++0x";
				CLANG_CXX_LIBRARY = "libc++";
				CLANG_ENABLE_MODULES = YES;
				CLANG_ENABLE_OBJC_ARC = YES;
				CLANG_WARN_BOOL_CONVERSION = YES;
				CLANG_WARN_CONSTANT_CONVERSION = YES;
				CLANG_WARN_DIRECT_OBJC_ISA_USAGE = YES_ERROR;
				CLANG_WARN_EMPTY_BODY = YES;
				CLANG_WARN_ENUM_CONVERSION = YES;
				CLANG_WARN_INT_CONVERSION = YES;
				CLANG_WARN_OBJC_ROOT_CLASS = YES_ERROR;
				CLANG_WARN__DUPLICATE_METHOD_MATCH = YES;
				"CODE_SIGN_IDENTITY[sdk=iphoneos*]" = "iPhone Developer";
				COPY_PHASE_STRIP = YES;
				ENABLE_NS_ASSERTIONS = NO;
				GCC_C_LANGUAGE_STANDARD = gnu99;
				GCC_WARN_64_TO_32_BIT_CONVERSION = YES;
				GCC_WARN_ABOUT_RETURN_TYPE = YES_ERROR;
				GCC_WARN_UNDECLARED_SELECTOR = YES;
				GCC_WARN_UNINITIALIZED_AUTOS = YES_AGGRESSIVE;
				GCC_WARN_UNUSED_FUNCTION = YES;
				GCC_WARN_UNUSED_VARIABLE = YES;
				IPHONEOS_DEPLOYMENT_TARGET = 7.1;
				SDKROOT = iphoneos;
				TARGETED_DEVICE_FAMILY = 2;
				VALIDATE_PRODUCT = YES;
			};
			name = Release;
		};
		0F0D5A4A19310127002443F8 /* Debug */ = {
			isa = XCBuildConfiguration;
			buildSettings = {
				ASSETCATALOG_COMPILER_APPICON_NAME = AppIcon;
				ASSETCATALOG_COMPILER_LAUNCHIMAGE_NAME = LaunchImage;
				GCC_PRECOMPILE_PREFIX_HEADER = YES;
				GCC_PREFIX_HEADER = "MoveInOut/MoveInOut-Prefix.pch";
				INFOPLIST_FILE = "MoveInOut/MoveInOut-Info.plist";
				PRODUCT_NAME = "$(TARGET_NAME)";
				WRAPPER_EXTENSION = app;
			};
			name = Debug;
		};
		0F0D5A4B19310127002443F8 /* Release */ = {
			isa = XCBuildConfiguration;
			buildSettings = {
				ASSETCATALOG_COMPILER_APPICON_NAME = AppIcon;
				ASSETCATALOG_COMPILER_LAUNCHIMAGE_NAME = LaunchImage;
				GCC_PRECOMPILE_PREFIX_HEADER = YES;
				GCC_PREFIX_HEADER = "MoveInOut/MoveInOut-Prefix.pch";
				INFOPLIST_FILE = "MoveInOut/MoveInOut-Info.plist";
				PRODUCT_NAME = "$(TARGET_NAME)";
				WRAPPER_EXTENSION = app;
			};
			name = Release;
		};
		0F0D5A4D19310127002443F8 /* Debug */ = {
			isa = XCBuildConfiguration;
			buildSettings = {
				BUNDLE_LOADER = "$(BUILT_PRODUCTS_DIR)/MoveInOut.app/MoveInOut";
				FRAMEWORK_SEARCH_PATHS = (
					"$(SDKROOT)/Developer/Library/Frameworks",
					"$(inherited)",
					"$(DEVELOPER_FRAMEWORKS_DIR)",
				);
				GCC_PRECOMPILE_PREFIX_HEADER = YES;
				GCC_PREFIX_HEADER = "MoveInOut/MoveInOut-Prefix.pch";
				GCC_PREPROCESSOR_DEFINITIONS = (
					"DEBUG=1",
					"$(inherited)",
				);
				INFOPLIST_FILE = "MoveInOutTests/MoveInOutTests-Info.plist";
				PRODUCT_NAME = "$(TARGET_NAME)";
				TEST_HOST = "$(BUNDLE_LOADER)";
				WRAPPER_EXTENSION = xctest;
			};
			name = Debug;
		};
		0F0D5A4E19310127002443F8 /* Release */ = {
			isa = XCBuildConfiguration;
			buildSettings = {
				BUNDLE_LOADER = "$(BUILT_PRODUCTS_DIR)/MoveInOut.app/MoveInOut";
				FRAMEWORK_SEARCH_PATHS = (
					"$(SDKROOT)/Developer/Library/Frameworks",
					"$(inherited)",
					"$(DEVELOPER_FRAMEWORKS_DIR)",
				);
				GCC_PRECOMPILE_PREFIX_HEADER = YES;
				GCC_PREFIX_HEADER = "MoveInOut/MoveInOut-Prefix.pch";
				INFOPLIST_FILE = "MoveInOutTests/MoveInOutTests-Info.plist";
				PRODUCT_NAME = "$(TARGET_NAME)";
				TEST_HOST = "$(BUNDLE_LOADER)";
				WRAPPER_EXTENSION = xctest;
			};
			name = Release;
		};
/* End XCBuildConfiguration section */

/* Begin XCConfigurationList section */
		0F0D5A1819310127002443F8 /* Build configuration list for PBXProject "MoveInOut" */ = {
			isa = XCConfigurationList;
			buildConfigurations = (
				0F0D5A4719310127002443F8 /* Debug */,
				0F0D5A4819310127002443F8 /* Release */,
			);
			defaultConfigurationIsVisible = 0;
			defaultConfigurationName = Release;
		};
		0F0D5A4919310127002443F8 /* Build configuration list for PBXNativeTarget "MoveInOut" */ = {
			isa = XCConfigurationList;
			buildConfigurations = (
				0F0D5A4A19310127002443F8 /* Debug */,
				0F0D5A4B19310127002443F8 /* Release */,
			);
			defaultConfigurationIsVisible = 0;
		};
		0F0D5A4C19310127002443F8 /* Build configuration list for PBXNativeTarget "MoveInOutTests" */ = {
			isa = XCConfigurationList;
			buildConfigurations = (
				0F0D5A4D19310127002443F8 /* Debug */,
				0F0D5A4E19310127002443F8 /* Release */,
			);
			defaultConfigurationIsVisible = 0;
		};
/* End XCConfigurationList section */
	};
	rootObject = 0F0D5A1519310127002443F8 /* Project object */;
}
