// !$*UTF8*$!
{
	archiveVersion = 1;
	classes = {
	};
	objectVersion = 46;
	objects = {

/* Begin PBXBuildFile section */
		0F211B72191AA59E00730F8C /* Foundation.framework in Frameworks */ = {isa = PBXBuildFile; fileRef = 0F211B71191AA59E00730F8C /* Foundation.framework */; };
		0F211B74191AA59E00730F8C /* CoreGraphics.framework in Frameworks */ = {isa = PBXBuildFile; fileRef = 0F211B73191AA59E00730F8C /* CoreGraphics.framework */; };
		0F211B76191AA59E00730F8C /* UIKit.framework in Frameworks */ = {isa = PBXBuildFile; fileRef = 0F211B75191AA59E00730F8C /* UIKit.framework */; };
		0F211B7C191AA59E00730F8C /* InfoPlist.strings in Resources */ = {isa = PBXBuildFile; fileRef = 0F211B7A191AA59E00730F8C /* InfoPlist.strings */; };
		0F211B7E191AA59E00730F8C /* main.m in Sources */ = {isa = PBXBuildFile; fileRef = 0F211B7D191AA59E00730F8C /* main.m */; };
		0F211B82191AA59E00730F8C /* BVRAppDelegate.m in Sources */ = {isa = PBXBuildFile; fileRef = 0F211B81191AA59E00730F8C /* BVRAppDelegate.m */; };
		0F211B84191AA59E00730F8C /* Images.xcassets in Resources */ = {isa = PBXBuildFile; fileRef = 0F211B83191AA59E00730F8C /* Images.xcassets */; };
		0F211B8B191AA59E00730F8C /* XCTest.framework in Frameworks */ = {isa = PBXBuildFile; fileRef = 0F211B8A191AA59E00730F8C /* XCTest.framework */; };
		0F211B8C191AA59E00730F8C /* Foundation.framework in Frameworks */ = {isa = PBXBuildFile; fileRef = 0F211B71191AA59E00730F8C /* Foundation.framework */; };
		0F211B8D191AA59E00730F8C /* UIKit.framework in Frameworks */ = {isa = PBXBuildFile; fileRef = 0F211B75191AA59E00730F8C /* UIKit.framework */; };
		0F211B95191AA59E00730F8C /* InfoPlist.strings in Resources */ = {isa = PBXBuildFile; fileRef = 0F211B93191AA59E00730F8C /* InfoPlist.strings */; };
		0F211B97191AA59E00730F8C /* BlueVRedTests.m in Sources */ = {isa = PBXBuildFile; fileRef = 0F211B96191AA59E00730F8C /* BlueVRedTests.m */; };
		0F211BA2191AA60000730F8C /* BVRViewController.m in Sources */ = {isa = PBXBuildFile; fileRef = 0F211BA1191AA60000730F8C /* BVRViewController.m */; };
		0F211BA5191AA65B00730F8C /* BVRBlueVC.m in Sources */ = {isa = PBXBuildFile; fileRef = 0F211BA4191AA65B00730F8C /* BVRBlueVC.m */; };
		0F211BA8191AA66C00730F8C /* BVRRedVC.m in Sources */ = {isa = PBXBuildFile; fileRef = 0F211BA7191AA66C00730F8C /* BVRRedVC.m */; };
		0F211BAB191AA84300730F8C /* BVRScoreManager.m in Sources */ = {isa = PBXBuildFile; fileRef = 0F211BAA191AA84300730F8C /* BVRScoreManager.m */; };
/* End PBXBuildFile section */

/* Begin PBXContainerItemProxy section */
		0F211B8E191AA59E00730F8C /* PBXContainerItemProxy */ = {
			isa = PBXContainerItemProxy;
			containerPortal = 0F211B66191AA59E00730F8C /* Project object */;
			proxyType = 1;
			remoteGlobalIDString = 0F211B6D191AA59E00730F8C;
			remoteInfo = BlueVRed;
		};
/* End PBXContainerItemProxy section */

/* Begin PBXFileReference section */
		0F211B6E191AA59E00730F8C /* BlueVRed.app */ = {isa = PBXFileReference; explicitFileType = wrapper.application; includeInIndex = 0; path = BlueVRed.app; sourceTree = BUILT_PRODUCTS_DIR; };
		0F211B71191AA59E00730F8C /* Foundation.framework */ = {isa = PBXFileReference; lastKnownFileType = wrapper.framework; name = Foundation.framework; path = System/Library/Frameworks/Foundation.framework; sourceTree = SDKROOT; };
		0F211B73191AA59E00730F8C /* CoreGraphics.framework */ = {isa = PBXFileReference; lastKnownFileType = wrapper.framework; name = CoreGraphics.framework; path = System/Library/Frameworks/CoreGraphics.framework; sourceTree = SDKROOT; };
		0F211B75191AA59E00730F8C /* UIKit.framework */ = {isa = PBXFileReference; lastKnownFileType = wrapper.framework; name = UIKit.framework; path = System/Library/Frameworks/UIKit.framework; sourceTree = SDKROOT; };
		0F211B79191AA59E00730F8C /* BlueVRed-Info.plist */ = {isa = PBXFileReference; lastKnownFileType = text.plist.xml; path = "BlueVRed-Info.plist"; sourceTree = "<group>"; };
		0F211B7B191AA59E00730F8C /* en */ = {isa = PBXFileReference; lastKnownFileType = text.plist.strings; name = en; path = en.lproj/InfoPlist.strings; sourceTree = "<group>"; };
		0F211B7D191AA59E00730F8C /* main.m */ = {isa = PBXFileReference; lastKnownFileType = sourcecode.c.objc; path = main.m; sourceTree = "<group>"; };
		0F211B7F191AA59E00730F8C /* BlueVRed-Prefix.pch */ = {isa = PBXFileReference; lastKnownFileType = sourcecode.c.h; path = "BlueVRed-Prefix.pch"; sourceTree = "<group>"; };
		0F211B80191AA59E00730F8C /* BVRAppDelegate.h */ = {isa = PBXFileReference; lastKnownFileType = sourcecode.c.h; path = BVRAppDelegate.h; sourceTree = "<group>"; };
		0F211B81191AA59E00730F8C /* BVRAppDelegate.m */ = {isa = PBXFileReference; lastKnownFileType = sourcecode.c.objc; path = BVRAppDelegate.m; sourceTree = "<group>"; };
		0F211B83191AA59E00730F8C /* Images.xcassets */ = {isa = PBXFileReference; lastKnownFileType = folder.assetcatalog; path = Images.xcassets; sourceTree = "<group>"; };
		0F211B89191AA59E00730F8C /* BlueVRedTests.xctest */ = {isa = PBXFileReference; explicitFileType = wrapper.cfbundle; includeInIndex = 0; path = BlueVRedTests.xctest; sourceTree = BUILT_PRODUCTS_DIR; };
		0F211B8A191AA59E00730F8C /* XCTest.framework */ = {isa = PBXFileReference; lastKnownFileType = wrapper.framework; name = XCTest.framework; path = Library/Frameworks/XCTest.framework; sourceTree = DEVELOPER_DIR; };
		0F211B92191AA59E00730F8C /* BlueVRedTests-Info.plist */ = {isa = PBXFileReference; lastKnownFileType = text.plist.xml; path = "BlueVRedTests-Info.plist"; sourceTree = "<group>"; };
		0F211B94191AA59E00730F8C /* en */ = {isa = PBXFileReference; lastKnownFileType = text.plist.strings; name = en; path = en.lproj/InfoPlist.strings; sourceTree = "<group>"; };
		0F211B96191AA59E00730F8C /* BlueVRedTests.m */ = {isa = PBXFileReference; lastKnownFileType = sourcecode.c.objc; path = BlueVRedTests.m; sourceTree = "<group>"; };
		0F211BA0191AA60000730F8C /* BVRViewController.h */ = {isa = PBXFileReference; fileEncoding = 4; lastKnownFileType = sourcecode.c.h; path = BVRViewController.h; sourceTree = "<group>"; };
		0F211BA1191AA60000730F8C /* BVRViewController.m */ = {isa = PBXFileReference; fileEncoding = 4; lastKnownFileType = sourcecode.c.objc; path = BVRViewController.m; sourceTree = "<group>"; };
		0F211BA3191AA65B00730F8C /* BVRBlueVC.h */ = {isa = PBXFileReference; fileEncoding = 4; lastKnownFileType = sourcecode.c.h; path = BVRBlueVC.h; sourceTree = "<group>"; };
		0F211BA4191AA65B00730F8C /* BVRBlueVC.m */ = {isa = PBXFileReference; fileEncoding = 4; lastKnownFileType = sourcecode.c.objc; path = BVRBlueVC.m; sourceTree = "<group>"; };
		0F211BA6191AA66C00730F8C /* BVRRedVC.h */ = {isa = PBXFileReference; fileEncoding = 4; lastKnownFileType = sourcecode.c.h; path = BVRRedVC.h; sourceTree = "<group>"; };
		0F211BA7191AA66C00730F8C /* BVRRedVC.m */ = {isa = PBXFileReference; fileEncoding = 4; lastKnownFileType = sourcecode.c.objc; path = BVRRedVC.m; sourceTree = "<group>"; };
		0F211BA9191AA84300730F8C /* BVRScoreManager.h */ = {isa = PBXFileReference; fileEncoding = 4; lastKnownFileType = sourcecode.c.h; path = BVRScoreManager.h; sourceTree = "<group>"; };
		0F211BAA191AA84300730F8C /* BVRScoreManager.m */ = {isa = PBXFileReference; fileEncoding = 4; lastKnownFileType = sourcecode.c.objc; path = BVRScoreManager.m; sourceTree = "<group>"; };
/* End PBXFileReference section */

/* Begin PBXFrameworksBuildPhase section */
		0F211B6B191AA59E00730F8C /* Frameworks */ = {
			isa = PBXFrameworksBuildPhase;
			buildActionMask = 2147483647;
			files = (
				0F211B74191AA59E00730F8C /* CoreGraphics.framework in Frameworks */,
				0F211B76191AA59E00730F8C /* UIKit.framework in Frameworks */,
				0F211B72191AA59E00730F8C /* Foundation.framework in Frameworks */,
			);
			runOnlyForDeploymentPostprocessing = 0;
		};
		0F211B86191AA59E00730F8C /* Frameworks */ = {
			isa = PBXFrameworksBuildPhase;
			buildActionMask = 2147483647;
			files = (
				0F211B8B191AA59E00730F8C /* XCTest.framework in Frameworks */,
				0F211B8D191AA59E00730F8C /* UIKit.framework in Frameworks */,
				0F211B8C191AA59E00730F8C /* Foundation.framework in Frameworks */,
			);
			runOnlyForDeploymentPostprocessing = 0;
		};
/* End PBXFrameworksBuildPhase section */

/* Begin PBXGroup section */
		0F211B65191AA59E00730F8C = {
			isa = PBXGroup;
			children = (
				0F211B77191AA59E00730F8C /* BlueVRed */,
				0F211B90191AA59E00730F8C /* BlueVRedTests */,
				0F211B70191AA59E00730F8C /* Frameworks */,
				0F211B6F191AA59E00730F8C /* Products */,
			);
			sourceTree = "<group>";
		};
		0F211B6F191AA59E00730F8C /* Products */ = {
			isa = PBXGroup;
			children = (
				0F211B6E191AA59E00730F8C /* BlueVRed.app */,
				0F211B89191AA59E00730F8C /* BlueVRedTests.xctest */,
			);
			name = Products;
			sourceTree = "<group>";
		};
		0F211B70191AA59E00730F8C /* Frameworks */ = {
			isa = PBXGroup;
			children = (
				0F211B71191AA59E00730F8C /* Foundation.framework */,
				0F211B73191AA59E00730F8C /* CoreGraphics.framework */,
				0F211B75191AA59E00730F8C /* UIKit.framework */,
				0F211B8A191AA59E00730F8C /* XCTest.framework */,
			);
			name = Frameworks;
			sourceTree = "<group>";
		};
		0F211B77191AA59E00730F8C /* BlueVRed */ = {
			isa = PBXGroup;
			children = (
				0F211B80191AA59E00730F8C /* BVRAppDelegate.h */,
				0F211B81191AA59E00730F8C /* BVRAppDelegate.m */,
				0F211BA0191AA60000730F8C /* BVRViewController.h */,
				0F211BA1191AA60000730F8C /* BVRViewController.m */,
				0F211BA3191AA65B00730F8C /* BVRBlueVC.h */,
				0F211BA4191AA65B00730F8C /* BVRBlueVC.m */,
				0F211BA6191AA66C00730F8C /* BVRRedVC.h */,
				0F211BA7191AA66C00730F8C /* BVRRedVC.m */,
				0F211BA9191AA84300730F8C /* BVRScoreManager.h */,
				0F211BAA191AA84300730F8C /* BVRScoreManager.m */,
				0F211B83191AA59E00730F8C /* Images.xcassets */,
				0F211B78191AA59E00730F8C /* Supporting Files */,
			);
			path = BlueVRed;
			sourceTree = "<group>";
		};
		0F211B78191AA59E00730F8C /* Supporting Files */ = {
			isa = PBXGroup;
			children = (
				0F211B79191AA59E00730F8C /* BlueVRed-Info.plist */,
				0F211B7A191AA59E00730F8C /* InfoPlist.strings */,
				0F211B7D191AA59E00730F8C /* main.m */,
				0F211B7F191AA59E00730F8C /* BlueVRed-Prefix.pch */,
			);
			name = "Supporting Files";
			sourceTree = "<group>";
		};
		0F211B90191AA59E00730F8C /* BlueVRedTests */ = {
			isa = PBXGroup;
			children = (
				0F211B96191AA59E00730F8C /* BlueVRedTests.m */,
				0F211B91191AA59E00730F8C /* Supporting Files */,
			);
			path = BlueVRedTests;
			sourceTree = "<group>";
		};
		0F211B91191AA59E00730F8C /* Supporting Files */ = {
			isa = PBXGroup;
			children = (
				0F211B92191AA59E00730F8C /* BlueVRedTests-Info.plist */,
				0F211B93191AA59E00730F8C /* InfoPlist.strings */,
			);
			name = "Supporting Files";
			sourceTree = "<group>";
		};
/* End PBXGroup section */

/* Begin PBXNativeTarget section */
		0F211B6D191AA59E00730F8C /* BlueVRed */ = {
			isa = PBXNativeTarget;
			buildConfigurationList = 0F211B9A191AA59E00730F8C /* Build configuration list for PBXNativeTarget "BlueVRed" */;
			buildPhases = (
				0F211B6A191AA59E00730F8C /* Sources */,
				0F211B6B191AA59E00730F8C /* Frameworks */,
				0F211B6C191AA59E00730F8C /* Resources */,
			);
			buildRules = (
			);
			dependencies = (
			);
			name = BlueVRed;
			productName = BlueVRed;
			productReference = 0F211B6E191AA59E00730F8C /* BlueVRed.app */;
			productType = "com.apple.product-type.application";
		};
		0F211B88191AA59E00730F8C /* BlueVRedTests */ = {
			isa = PBXNativeTarget;
			buildConfigurationList = 0F211B9D191AA59E00730F8C /* Build configuration list for PBXNativeTarget "BlueVRedTests" */;
			buildPhases = (
				0F211B85191AA59E00730F8C /* Sources */,
				0F211B86191AA59E00730F8C /* Frameworks */,
				0F211B87191AA59E00730F8C /* Resources */,
			);
			buildRules = (
			);
			dependencies = (
				0F211B8F191AA59E00730F8C /* PBXTargetDependency */,
			);
			name = BlueVRedTests;
			productName = BlueVRedTests;
			productReference = 0F211B89191AA59E00730F8C /* BlueVRedTests.xctest */;
			productType = "com.apple.product-type.bundle.unit-test";
		};
/* End PBXNativeTarget section */

/* Begin PBXProject section */
		0F211B66191AA59E00730F8C /* Project object */ = {
			isa = PBXProject;
			attributes = {
				CLASSPREFIX = BVR;
				LastUpgradeCheck = 0510;
				ORGANIZATIONNAME = "Ali Houshmand";
				TargetAttributes = {
					0F211B88191AA59E00730F8C = {
						TestTargetID = 0F211B6D191AA59E00730F8C;
					};
				};
			};
			buildConfigurationList = 0F211B69191AA59E00730F8C /* Build configuration list for PBXProject "BlueVRed" */;
			compatibilityVersion = "Xcode 3.2";
			developmentRegion = English;
			hasScannedForEncodings = 0;
			knownRegions = (
				en,
			);
			mainGroup = 0F211B65191AA59E00730F8C;
			productRefGroup = 0F211B6F191AA59E00730F8C /* Products */;
			projectDirPath = "";
			projectRoot = "";
			targets = (
				0F211B6D191AA59E00730F8C /* BlueVRed */,
				0F211B88191AA59E00730F8C /* BlueVRedTests */,
			);
		};
/* End PBXProject section */

/* Begin PBXResourcesBuildPhase section */
		0F211B6C191AA59E00730F8C /* Resources */ = {
			isa = PBXResourcesBuildPhase;
			buildActionMask = 2147483647;
			files = (
				0F211B7C191AA59E00730F8C /* InfoPlist.strings in Resources */,
				0F211B84191AA59E00730F8C /* Images.xcassets in Resources */,
			);
			runOnlyForDeploymentPostprocessing = 0;
		};
		0F211B87191AA59E00730F8C /* Resources */ = {
			isa = PBXResourcesBuildPhase;
			buildActionMask = 2147483647;
			files = (
				0F211B95191AA59E00730F8C /* InfoPlist.strings in Resources */,
			);
			runOnlyForDeploymentPostprocessing = 0;
		};
/* End PBXResourcesBuildPhase section */

/* Begin PBXSourcesBuildPhase section */
		0F211B6A191AA59E00730F8C /* Sources */ = {
			isa = PBXSourcesBuildPhase;
			buildActionMask = 2147483647;
			files = (
				0F211BA8191AA66C00730F8C /* BVRRedVC.m in Sources */,
				0F211BAB191AA84300730F8C /* BVRScoreManager.m in Sources */,
				0F211B7E191AA59E00730F8C /* main.m in Sources */,
				0F211BA2191AA60000730F8C /* BVRViewController.m in Sources */,
				0F211B82191AA59E00730F8C /* BVRAppDelegate.m in Sources */,
				0F211BA5191AA65B00730F8C /* BVRBlueVC.m in Sources */,
			);
			runOnlyForDeploymentPostprocessing = 0;
		};
		0F211B85191AA59E00730F8C /* Sources */ = {
			isa = PBXSourcesBuildPhase;
			buildActionMask = 2147483647;
			files = (
				0F211B97191AA59E00730F8C /* BlueVRedTests.m in Sources */,
			);
			runOnlyForDeploymentPostprocessing = 0;
		};
/* End PBXSourcesBuildPhase section */

/* Begin PBXTargetDependency section */
		0F211B8F191AA59E00730F8C /* PBXTargetDependency */ = {
			isa = PBXTargetDependency;
			target = 0F211B6D191AA59E00730F8C /* BlueVRed */;
			targetProxy = 0F211B8E191AA59E00730F8C /* PBXContainerItemProxy */;
		};
/* End PBXTargetDependency section */

/* Begin PBXVariantGroup section */
		0F211B7A191AA59E00730F8C /* InfoPlist.strings */ = {
			isa = PBXVariantGroup;
			children = (
				0F211B7B191AA59E00730F8C /* en */,
			);
			name = InfoPlist.strings;
			sourceTree = "<group>";
		};
		0F211B93191AA59E00730F8C /* InfoPlist.strings */ = {
			isa = PBXVariantGroup;
			children = (
				0F211B94191AA59E00730F8C /* en */,
			);
			name = InfoPlist.strings;
			sourceTree = "<group>";
		};
/* End PBXVariantGroup section */

/* Begin XCBuildConfiguration section */
		0F211B98191AA59E00730F8C /* Debug */ = {
			isa = XCBuildConfiguration;
			buildSettings = {
				ALWAYS_SEARCH_USER_PATHS = NO;
				CLANG_CXX_LANGUAGE_STANDARD = "gnu++0x";
				CLANG_CXX_LIBRARY = "libc++";
				CLANG_ENABLE_MODULES = YES;
				CLANG_ENABLE_OBJC_ARC = YES;
				CLANG_WARN_BOOL_CONVERSION = YES;
				CLANG_WARN_CONSTANT_CONVERSION = YES;
				CLANG_WARN_DIRECT_OBJC_ISA_USAGE = YES_ERROR;
				CLANG_WARN_EMPTY_BODY = YES;
				CLANG_WARN_ENUM_CONVERSION = YES;
				CLANG_WARN_INT_CONVERSION = YES;
				CLANG_WARN_OBJC_ROOT_CLASS = YES_ERROR;
				CLANG_WARN__DUPLICATE_METHOD_MATCH = YES;
				"CODE_SIGN_IDENTITY[sdk=iphoneos*]" = "iPhone Developer";
				COPY_PHASE_STRIP = NO;
				GCC_C_LANGUAGE_STANDARD = gnu99;
				GCC_DYNAMIC_NO_PIC = NO;
				GCC_OPTIMIZATION_LEVEL = 0;
				GCC_PREPROCESSOR_DEFINITIONS = (
					"DEBUG=1",
					"$(inherited)",
				);
				GCC_SYMBOLS_PRIVATE_EXTERN = NO;
				GCC_WARN_64_TO_32_BIT_CONVERSION = YES;
				GCC_WARN_ABOUT_RETURN_TYPE = YES_ERROR;
				GCC_WARN_UNDECLARED_SELECTOR = YES;
				GCC_WARN_UNINITIALIZED_AUTOS = YES_AGGRESSIVE;
				GCC_WARN_UNUSED_FUNCTION = YES;
				GCC_WARN_UNUSED_VARIABLE = YES;
				IPHONEOS_DEPLOYMENT_TARGET = 7.1;
				ONLY_ACTIVE_ARCH = YES;
				SDKROOT = iphoneos;
			};
			name = Debug;
		};
		0F211B99191AA59E00730F8C /* Release */ = {
			isa = XCBuildConfiguration;
			buildSettings = {
				ALWAYS_SEARCH_USER_PATHS = NO;
				CLANG_CXX_LANGUAGE_STANDARD = "gnu++0x";
				CLANG_CXX_LIBRARY = "libc++";
				CLANG_ENABLE_MODULES = YES;
				CLANG_ENABLE_OBJC_ARC = YES;
				CLANG_WARN_BOOL_CONVERSION = YES;
				CLANG_WARN_CONSTANT_CONVERSION = YES;
				CLANG_WARN_DIRECT_OBJC_ISA_USAGE = YES_ERROR;
				CLANG_WARN_EMPTY_BODY = YES;
				CLANG_WARN_ENUM_CONVERSION = YES;
				CLANG_WARN_INT_CONVERSION = YES;
				CLANG_WARN_OBJC_ROOT_CLASS = YES_ERROR;
				CLANG_WARN__DUPLICATE_METHOD_MATCH = YES;
				"CODE_SIGN_IDENTITY[sdk=iphoneos*]" = "iPhone Developer";
				COPY_PHASE_STRIP = YES;
				ENABLE_NS_ASSERTIONS = NO;
				GCC_C_LANGUAGE_STANDARD = gnu99;
				GCC_WARN_64_TO_32_BIT_CONVERSION = YES;
				GCC_WARN_ABOUT_RETURN_TYPE = YES_ERROR;
				GCC_WARN_UNDECLARED_SELECTOR = YES;
				GCC_WARN_UNINITIALIZED_AUTOS = YES_AGGRESSIVE;
				GCC_WARN_UNUSED_FUNCTION = YES;
				GCC_WARN_UNUSED_VARIABLE = YES;
				IPHONEOS_DEPLOYMENT_TARGET = 7.1;
				SDKROOT = iphoneos;
				VALIDATE_PRODUCT = YES;
			};
			name = Release;
		};
		0F211B9B191AA59E00730F8C /* Debug */ = {
			isa = XCBuildConfiguration;
			buildSettings = {
				ASSETCATALOG_COMPILER_APPICON_NAME = AppIcon;
				ASSETCATALOG_COMPILER_LAUNCHIMAGE_NAME = LaunchImage;
				GCC_PRECOMPILE_PREFIX_HEADER = YES;
				GCC_PREFIX_HEADER = "BlueVRed/BlueVRed-Prefix.pch";
				INFOPLIST_FILE = "BlueVRed/BlueVRed-Info.plist";
				IPHONEOS_DEPLOYMENT_TARGET = 7.1;
				PRODUCT_NAME = "$(TARGET_NAME)";
				TARGETED_DEVICE_FAMILY = 1;
				WRAPPER_EXTENSION = app;
			};
			name = Debug;
		};
		0F211B9C191AA59E00730F8C /* Release */ = {
			isa = XCBuildConfiguration;
			buildSettings = {
				ASSETCATALOG_COMPILER_APPICON_NAME = AppIcon;
				ASSETCATALOG_COMPILER_LAUNCHIMAGE_NAME = LaunchImage;
				GCC_PRECOMPILE_PREFIX_HEADER = YES;
				GCC_PREFIX_HEADER = "BlueVRed/BlueVRed-Prefix.pch";
				INFOPLIST_FILE = "BlueVRed/BlueVRed-Info.plist";
				IPHONEOS_DEPLOYMENT_TARGET = 7.1;
				PRODUCT_NAME = "$(TARGET_NAME)";
				TARGETED_DEVICE_FAMILY = 1;
				WRAPPER_EXTENSION = app;
			};
			name = Release;
		};
		0F211B9E191AA59E00730F8C /* Debug */ = {
			isa = XCBuildConfiguration;
			buildSettings = {
				BUNDLE_LOADER = "$(BUILT_PRODUCTS_DIR)/BlueVRed.app/BlueVRed";
				FRAMEWORK_SEARCH_PATHS = (
					"$(SDKROOT)/Developer/Library/Frameworks",
					"$(inherited)",
					"$(DEVELOPER_FRAMEWORKS_DIR)",
				);
				GCC_PRECOMPILE_PREFIX_HEADER = YES;
				GCC_PREFIX_HEADER = "BlueVRed/BlueVRed-Prefix.pch";
				GCC_PREPROCESSOR_DEFINITIONS = (
					"DEBUG=1",
					"$(inherited)",
				);
				INFOPLIST_FILE = "BlueVRedTests/BlueVRedTests-Info.plist";
				PRODUCT_NAME = "$(TARGET_NAME)";
				TEST_HOST = "$(BUNDLE_LOADER)";
				WRAPPER_EXTENSION = xctest;
			};
			name = Debug;
		};
		0F211B9F191AA59E00730F8C /* Release */ = {
			isa = XCBuildConfiguration;
			buildSettings = {
				BUNDLE_LOADER = "$(BUILT_PRODUCTS_DIR)/BlueVRed.app/BlueVRed";
				FRAMEWORK_SEARCH_PATHS = (
					"$(SDKROOT)/Developer/Library/Frameworks",
					"$(inherited)",
					"$(DEVELOPER_FRAMEWORKS_DIR)",
				);
				GCC_PRECOMPILE_PREFIX_HEADER = YES;
				GCC_PREFIX_HEADER = "BlueVRed/BlueVRed-Prefix.pch";
				INFOPLIST_FILE = "BlueVRedTests/BlueVRedTests-Info.plist";
				PRODUCT_NAME = "$(TARGET_NAME)";
				TEST_HOST = "$(BUNDLE_LOADER)";
				WRAPPER_EXTENSION = xctest;
			};
			name = Release;
		};
/* End XCBuildConfiguration section */

/* Begin XCConfigurationList section */
		0F211B69191AA59E00730F8C /* Build configuration list for PBXProject "BlueVRed" */ = {
			isa = XCConfigurationList;
			buildConfigurations = (
				0F211B98191AA59E00730F8C /* Debug */,
				0F211B99191AA59E00730F8C /* Release */,
			);
			defaultConfigurationIsVisible = 0;
			defaultConfigurationName = Release;
		};
		0F211B9A191AA59E00730F8C /* Build configuration list for PBXNativeTarget "BlueVRed" */ = {
			isa = XCConfigurationList;
			buildConfigurations = (
				0F211B9B191AA59E00730F8C /* Debug */,
				0F211B9C191AA59E00730F8C /* Release */,
			);
			defaultConfigurationIsVisible = 0;
			defaultConfigurationName = Release;
		};
		0F211B9D191AA59E00730F8C /* Build configuration list for PBXNativeTarget "BlueVRedTests" */ = {
			isa = XCConfigurationList;
			buildConfigurations = (
				0F211B9E191AA59E00730F8C /* Debug */,
				0F211B9F191AA59E00730F8C /* Release */,
			);
			defaultConfigurationIsVisible = 0;
			defaultConfigurationName = Release;
		};
/* End XCConfigurationList section */
	};
	rootObject = 0F211B66191AA59E00730F8C /* Project object */;
}
